{
  "lockfile-version": 1,
  "manifest": {
    "version": 1,
    "install": {
      "cocoapods": {
        "pkg-path": "cocoapods",
        "systems": [
          "x86_64-darwin",
          "aarch64-darwin"
        ]
      },
      "jq": {
        "pkg-path": "jq"
      },
      "nixfmt": {
        "pkg-path": "nixfmt-rfc-style"
      },
      "node": {
        "pkg-path": "nodejs_20"
      },
      "shfmt": {
        "pkg-path": "shfmt"
      },
      "treefmt": {
        "pkg-path": "treefmt"
      },
      "yarn": {
        "pkg-path": "yarn-berry",
        "version": "4.12.0"
      }
    },
    "vars": {
      "ANDROID_MAX_API": "33",
      "ANDROID_MAX_AVD_ARM": "medium_phone_API33_arm64_v8a",
      "ANDROID_MAX_AVD_X64": "medium_phone_API33_x86_64",
      "ANDROID_MIN_API": "21",
      "ANDROID_MIN_AVD": "pixel_API21_x86_64",
      "ANDROID_MIN_AVD_ARM": "pixel_API21_arm64_v8a",
      "IOS_MAX_DEVICE": "iPhone 17",
      "IOS_MAX_RUNTIME": "26.1",
      "IOS_MIN_DEVICE": "iPhone 13",
      "IOS_MIN_RUNTIME": "15.0",
      "IOS_SIM_DEVICE": "iPhone 13",
      "IOS_SIM_MAX_DEVICE": "iPhone 17"
    },
    "hook": {
      "on-activate": "    export ROOT_PROJECT=$(git rev-parse --show-toplevel)\n    script() {\n      local name=\"${1:-}\"\n      shift || true\n      if [ -z \"$name\" ]; then\n        echo \"Usage: script <name> [args...] (runs scripts/<name>.sh)\" >&2\n        return 1\n      fi\n      local project_root=\"${ROOT_PROJECT:-$(git rev-parse --show-toplevel 2>/dev/null || pwd)}\"\n      local path=\"$project_root/scripts/${name}.sh\"\n      if [ ! -x \"$path\" ]; then\n        echo \"script: $path not found or not executable\" >&2\n        return 1\n      fi\n      \"$path\" \"$@\"\n    }\n    # Ensure Yarn 4 from the env wins over any host Yarn 1.x\n    clean_path=\"$(printf '%s' \"$PATH\" | tr ':' '\\n' | grep -v '/.yarn/bin' | paste -sd: -)\"\n    export COREPACK_HOME=\"$HOME/.local/share/corepack\"\n    mkdir -p \"$HOME/.local/bin\" \"$COREPACK_HOME\"\n    # Prefer the env-provided yarn binary explicitly if present.\n    if command -v yarn >/dev/null 2>&1; then\n      yarn_dir=\"$(dirname \"$(command -v yarn)\")\"\n      export PATH=\"$yarn_dir:$HOME/.local/bin:$COREPACK_HOME:$clean_path\"\n    else\n      export PATH=\"$HOME/.local/bin:$COREPACK_HOME:$clean_path\"\n    fi\n    if command -v corepack >/dev/null 2>&1; then\n      corepack enable --install-directory \"$HOME/.local/bin\" >/dev/null 2>&1 || true\n      corepack prepare \"yarn@4.12.0\" --activate --install-directory \"$HOME/.local/bin\" >/dev/null 2>&1 || true\n      hash -r\n    fi\n \n  set -euo pipefail\n\n  # Prefer system toolchains for iOS builds; avoid Nix C toolchain flags leaking into xcodebuild.\n  unset NIX_CFLAGS_COMPILE NIX_LDFLAGS NIX_CFLAGS_LINK LIBRARY_PATH\n\n  project_root=\"${PROJECT_ROOT:-$(git rev-parse --show-toplevel 2>/dev/null || pwd)}\"\n  if [ ! -d \"$project_root/env/ios\" ]; then\n    project_root=\"$(cd \"$(dirname \"${BASH_SOURCE[0]:-$0}\")/../../../../..\" && pwd)\"\n  fi\n  export PROJECT_ROOT=\"$project_root\"\n  if [ -f \"$project_root/scripts/ios.sh\" ]; then\n    source \"$project_root/scripts/ios.sh\"\n  elif [ -f \"$project_root/env/ios/setup.sh\" ]; then\n    source \"$project_root/env/ios/setup.sh\"\n  fi\n \n    export ROOT_PROJECT=$(git rev-parse --show-toplevel)\n    script() {\n      local name=\"${1:-}\"\n      shift || true\n      if [ -z \"$name\" ]; then\n        echo \"Usage: script <name> [args...] (runs scripts/<name>.sh)\" >&2\n        return 1\n      fi\n      local project_root=\"${ROOT_PROJECT:-$(git rev-parse --show-toplevel 2>/dev/null || pwd)}\"\n      local path=\"$project_root/scripts/${name}.sh\"\n      if [ ! -x \"$path\" ]; then\n        echo \"script: $path not found or not executable\" >&2\n        return 1\n      fi\n      \"$path\" \"$@\"\n    }\n    # Ensure Yarn 4 from the env wins over any host Yarn 1.x\n    clean_path=\"$(printf '%s' \"$PATH\" | tr ':' '\\n' | grep -v '/.yarn/bin' | paste -sd: -)\"\n    export COREPACK_HOME=\"$HOME/.local/share/corepack\"\n    mkdir -p \"$HOME/.local/bin\" \"$COREPACK_HOME\"\n    # Prefer the env-provided yarn binary explicitly if present.\n    if command -v yarn >/dev/null 2>&1; then\n      yarn_dir=\"$(dirname \"$(command -v yarn)\")\"\n      export PATH=\"$yarn_dir:$HOME/.local/bin:$COREPACK_HOME:$clean_path\"\n    else\n      export PATH=\"$HOME/.local/bin:$COREPACK_HOME:$clean_path\"\n    fi\n    if command -v corepack >/dev/null 2>&1; then\n      corepack enable --install-directory \"$HOME/.local/bin\" >/dev/null 2>&1 || true\n      corepack prepare \"yarn@4.12.0\" --activate --install-directory \"$HOME/.local/bin\" >/dev/null 2>&1 || true\n      hash -r\n    fi\n \n"
    },
    "profile": {},
    "options": {},
    "services": {
      "ios-simulator-min": {
        "command": "bash -lc '\nset -euo pipefail\n\nproject_root=\"${PROJECT_ROOT:-$(git rev-parse --show-toplevel 2>/dev/null || pwd)}\"\ncd \"$project_root\"\n\nIOS_MANAGER_FOREGROUND=1 IOS_FLAVOR=minsdk bash \"$project_root/scripts/ios.sh\" start\n'\n"
      }
    }
  },
  "packages": [
    {
      "attr_path": "cocoapods",
      "broken": false,
      "derivation": "/nix/store/y5w3g46gq502rbq0nn7xl2sbmilskg3f-cocoapods-1.16.2.drv",
      "description": "Manages dependencies for your Xcode projects",
      "install_id": "cocoapods",
      "license": "MIT",
      "locked_url": "https://github.com/flox/nixpkgs?rev=88d3861acdd3d2f0e361767018218e51810df8a1",
      "name": "cocoapods-1.16.2",
      "pname": "cocoapods",
      "rev": "88d3861acdd3d2f0e361767018218e51810df8a1",
      "rev_count": 931542,
      "rev_date": "2026-01-21T18:02:10Z",
      "scrape_date": "2026-01-23T04:32:30.375555Z",
      "stabilities": [
        "unstable"
      ],
      "unfree": false,
      "version": "1.16.2",
      "outputs_to_install": [
        "out"
      ],
      "outputs": {
        "out": "/nix/store/av5g6hfp0yiir3iavg72js70ian8hxyf-cocoapods-1.16.2"
      },
      "system": "aarch64-darwin",
      "group": "toplevel",
      "priority": 5
    },
    {
      "attr_path": "cocoapods",
      "broken": false,
      "derivation": "/nix/store/fx20siq0r3zr83cpdy9ip744lvz3lcnd-cocoapods-1.16.2.drv",
      "description": "Manages dependencies for your Xcode projects",
      "install_id": "cocoapods",
      "license": "MIT",
      "locked_url": "https://github.com/flox/nixpkgs?rev=88d3861acdd3d2f0e361767018218e51810df8a1",
      "name": "cocoapods-1.16.2",
      "pname": "cocoapods",
      "rev": "88d3861acdd3d2f0e361767018218e51810df8a1",
      "rev_count": 931542,
      "rev_date": "2026-01-21T18:02:10Z",
      "scrape_date": "2026-01-23T05:49:36.520160Z",
      "stabilities": [
        "unstable"
      ],
      "unfree": false,
      "version": "1.16.2",
      "outputs_to_install": [
        "out"
      ],
      "outputs": {
        "out": "/nix/store/har71589bwmh6h6skisd20b3c6lrwmz7-cocoapods-1.16.2"
      },
      "system": "x86_64-darwin",
      "group": "toplevel",
      "priority": 5
    },
    {
      "attr_path": "jq",
      "broken": false,
      "derivation": "/nix/store/xh7sg4v2x4d44yzvmx9zcr71gn7z6b03-jq-1.8.1.drv",
      "description": "Lightweight and flexible command-line JSON processor",
      "install_id": "jq",
      "license": "MIT",
      "locked_url": "https://github.com/flox/nixpkgs?rev=88d3861acdd3d2f0e361767018218e51810df8a1",
      "name": "jq-1.8.1",
      "pname": "jq",
      "rev": "88d3861acdd3d2f0e361767018218e51810df8a1",
      "rev_count": 931542,
      "rev_date": "2026-01-21T18:02:10Z",
      "scrape_date": "2026-01-23T04:32:45.720299Z",
      "stabilities": [
        "unstable"
      ],
      "unfree": false,
      "version": "1.8.1",
      "outputs_to_install": [
        "bin",
        "man"
      ],
      "outputs": {
        "bin": "/nix/store/9rm6fm3zq1jq8rgsx528cw8wkmfya2gf-jq-1.8.1-bin",
        "dev": "/nix/store/5camppj4hz2mgkdbxs0kr6nvh6qa65wf-jq-1.8.1-dev",
        "doc": "/nix/store/lak094rhhxlaj1qycadmxyfphgjadj5r-jq-1.8.1-doc",
        "man": "/nix/store/cv999saj62xhq7xv5i7q6944vljykfmw-jq-1.8.1-man",
        "out": "/nix/store/g371yvjasdr552v98p5kav7n35s1dfib-jq-1.8.1"
      },
      "system": "aarch64-darwin",
      "group": "toplevel",
      "priority": 5
    },
    {
      "attr_path": "jq",
      "broken": false,
      "derivation": "/nix/store/900w59hvyx6q26igzlgk2pn2wjx0fsss-jq-1.8.1.drv",
      "description": "Lightweight and flexible command-line JSON processor",
      "install_id": "jq",
      "license": "MIT",
      "locked_url": "https://github.com/flox/nixpkgs?rev=88d3861acdd3d2f0e361767018218e51810df8a1",
      "name": "jq-1.8.1",
      "pname": "jq",
      "rev": "88d3861acdd3d2f0e361767018218e51810df8a1",
      "rev_count": 931542,
      "rev_date": "2026-01-21T18:02:10Z",
      "scrape_date": "2026-01-23T05:12:54.263817Z",
      "stabilities": [
        "unstable"
      ],
      "unfree": false,
      "version": "1.8.1",
      "outputs_to_install": [
        "bin",
        "bin",
        "man"
      ],
      "outputs": {
        "bin": "/nix/store/m8qv4g54q3jmjb8i33v9lljcwhydx2vd-jq-1.8.1-bin",
        "dev": "/nix/store/5ykn83b3hhvnnq0p5vqgcrzihrl9wpsl-jq-1.8.1-dev",
        "doc": "/nix/store/37ypy1595g6rj3cymh1mpk2b25fx40g7-jq-1.8.1-doc",
        "man": "/nix/store/9x2457g76jikfy7xq4mjqwzl8iz3zvxj-jq-1.8.1-man",
        "out": "/nix/store/16lg603jzppwjanlakcak1ais69mkd03-jq-1.8.1"
      },
      "system": "aarch64-linux",
      "group": "toplevel",
      "priority": 5
    },
    {
      "attr_path": "jq",
      "broken": false,
      "derivation": "/nix/store/cajf8n8zpw65sd9ch7av6lwwb2qkvx8v-jq-1.8.1.drv",
      "description": "Lightweight and flexible command-line JSON processor",
      "install_id": "jq",
      "license": "MIT",
      "locked_url": "https://github.com/flox/nixpkgs?rev=88d3861acdd3d2f0e361767018218e51810df8a1",
      "name": "jq-1.8.1",
      "pname": "jq",
      "rev": "88d3861acdd3d2f0e361767018218e51810df8a1",
      "rev_count": 931542,
      "rev_date": "2026-01-21T18:02:10Z",
      "scrape_date": "2026-01-23T05:49:52.246924Z",
      "stabilities": [
        "unstable"
      ],
      "unfree": false,
      "version": "1.8.1",
      "outputs_to_install": [
        "bin",
        "man"
      ],
      "outputs": {
        "bin": "/nix/store/kkb17whpkdrmn9g3gk7y6l69vipxsw0i-jq-1.8.1-bin",
        "dev": "/nix/store/lypnqs272644l8ff6wfji9rg5jw10v7h-jq-1.8.1-dev",
        "doc": "/nix/store/nyw97c4pywfcqqap5hyk9xjghczlbshl-jq-1.8.1-doc",
        "man": "/nix/store/iwr61wi83kflqvz8j5nf7ridaqq6nh2w-jq-1.8.1-man",
        "out": "/nix/store/ri930a557685c64bdh88a5031i7hx3vy-jq-1.8.1"
      },
      "system": "x86_64-darwin",
      "group": "toplevel",
      "priority": 5
    },
    {
      "attr_path": "jq",
      "broken": false,
      "derivation": "/nix/store/ig0anfgqf7v924r7djvvp8vi46r74g5k-jq-1.8.1.drv",
      "description": "Lightweight and flexible command-line JSON processor",
      "install_id": "jq",
      "license": "MIT",
      "locked_url": "https://github.com/flox/nixpkgs?rev=88d3861acdd3d2f0e361767018218e51810df8a1",
      "name": "jq-1.8.1",
      "pname": "jq",
      "rev": "88d3861acdd3d2f0e361767018218e51810df8a1",
      "rev_count": 931542,
      "rev_date": "2026-01-21T18:02:10Z",
      "scrape_date": "2026-01-23T06:36:16.223396Z",
      "stabilities": [
        "unstable"
      ],
      "unfree": false,
      "version": "1.8.1",
      "outputs_to_install": [
        "bin",
        "bin",
        "man"
      ],
      "outputs": {
        "bin": "/nix/store/zssasryipb2x4gk2ahzacl4mvvcmk48j-jq-1.8.1-bin",
        "dev": "/nix/store/rmxxm5jnxq93kvkhbr2b3hzj6v3ldp8z-jq-1.8.1-dev",
        "doc": "/nix/store/mkhfvc69grlky3iblibkw9wcc12jcdqq-jq-1.8.1-doc",
        "man": "/nix/store/7d4pv1iymyqk2lykwj1ydml3rjhc6gl3-jq-1.8.1-man",
        "out": "/nix/store/807g765zgpmp1c8fm5y40rw2gbr1k6dk-jq-1.8.1"
      },
      "system": "x86_64-linux",
      "group": "toplevel",
      "priority": 5
    },
    {
      "attr_path": "nixfmt-rfc-style",
      "broken": false,
      "derivation": "/nix/store/fx8ad03fjhqywyxaajjhziyly8mqh021-nixfmt-1.2.0.drv",
      "description": "Official formatter for Nix code",
      "install_id": "nixfmt",
      "license": "MPL-2.0",
      "locked_url": "https://github.com/flox/nixpkgs?rev=88d3861acdd3d2f0e361767018218e51810df8a1",
      "name": "nixfmt-1.2.0",
      "pname": "nixfmt-rfc-style",
      "rev": "88d3861acdd3d2f0e361767018218e51810df8a1",
      "rev_count": 931542,
      "rev_date": "2026-01-21T18:02:10Z",
      "scrape_date": "2026-01-23T04:32:52.083117Z",
      "stabilities": [
        "unstable"
      ],
      "unfree": false,
      "version": "1.2.0",
      "outputs_to_install": [
        "out"
      ],
      "outputs": {
        "out": "/nix/store/4jzq73b6bax62245z5a5ag8xdazfw4fg-nixfmt-1.2.0"
      },
      "system": "aarch64-darwin",
      "group": "toplevel",
      "priority": 5
    },
    {
      "attr_path": "nixfmt-rfc-style",
      "broken": false,
      "derivation": "/nix/store/8j6zhq8f1wfy89payg3gz2z6y1m3swsp-nixfmt-1.2.0.drv",
      "description": "Official formatter for Nix code",
      "install_id": "nixfmt",
      "license": "MPL-2.0",
      "locked_url": "https://github.com/flox/nixpkgs?rev=88d3861acdd3d2f0e361767018218e51810df8a1",
      "name": "nixfmt-1.2.0",
      "pname": "nixfmt-rfc-style",
      "rev": "88d3861acdd3d2f0e361767018218e51810df8a1",
      "rev_count": 931542,
      "rev_date": "2026-01-21T18:02:10Z",
      "scrape_date": "2026-01-23T05:13:08.638952Z",
      "stabilities": [
        "unstable"
      ],
      "unfree": false,
      "version": "1.2.0",
      "outputs_to_install": [
        "out"
      ],
      "outputs": {
        "out": "/nix/store/as7f2yrlqgv130vdiw2xi7rhlgd1yk8v-nixfmt-1.2.0"
      },
      "system": "aarch64-linux",
      "group": "toplevel",
      "priority": 5
    },
    {
      "attr_path": "nixfmt-rfc-style",
      "broken": false,
      "derivation": "/nix/store/331wm1gvrsn17vrynavd3x5rdyx8nq3k-nixfmt-1.2.0.drv",
      "description": "Official formatter for Nix code",
      "install_id": "nixfmt",
      "license": "MPL-2.0",
      "locked_url": "https://github.com/flox/nixpkgs?rev=88d3861acdd3d2f0e361767018218e51810df8a1",
      "name": "nixfmt-1.2.0",
      "pname": "nixfmt-rfc-style",
      "rev": "88d3861acdd3d2f0e361767018218e51810df8a1",
      "rev_count": 931542,
      "rev_date": "2026-01-21T18:02:10Z",
      "scrape_date": "2026-01-23T05:49:58.662647Z",
      "stabilities": [
        "unstable"
      ],
      "unfree": false,
      "version": "1.2.0",
      "outputs_to_install": [
        "out"
      ],
      "outputs": {
        "out": "/nix/store/qmas80hmzqbm7n5h9is2im9gjzxsl04a-nixfmt-1.2.0"
      },
      "system": "x86_64-darwin",
      "group": "toplevel",
      "priority": 5
    },
    {
      "attr_path": "nixfmt-rfc-style",
      "broken": false,
      "derivation": "/nix/store/6q0g17l6inxcjb64kc145mswx1az49ah-nixfmt-1.2.0.drv",
      "description": "Official formatter for Nix code",
      "install_id": "nixfmt",
      "license": "MPL-2.0",
      "locked_url": "https://github.com/flox/nixpkgs?rev=88d3861acdd3d2f0e361767018218e51810df8a1",
      "name": "nixfmt-1.2.0",
      "pname": "nixfmt-rfc-style",
      "rev": "88d3861acdd3d2f0e361767018218e51810df8a1",
      "rev_count": 931542,
      "rev_date": "2026-01-21T18:02:10Z",
      "scrape_date": "2026-01-23T06:36:32.398807Z",
      "stabilities": [
        "unstable"
      ],
      "unfree": false,
      "version": "1.2.0",
      "outputs_to_install": [
        "out"
      ],
      "outputs": {
        "out": "/nix/store/yx338k689yp9hpnl6h5y22f7vbmi5pky-nixfmt-1.2.0"
      },
      "system": "x86_64-linux",
      "group": "toplevel",
      "priority": 5
    },
    {
      "attr_path": "nodejs_20",
      "broken": false,
      "derivation": "/nix/store/n7wzvdy4aiwd3hcdcbaz8pr98z10cyap-nodejs-20.20.0.drv",
      "description": "Event-driven I/O framework for the V8 JavaScript engine",
      "install_id": "node",
      "license": "MIT",
      "locked_url": "https://github.com/flox/nixpkgs?rev=88d3861acdd3d2f0e361767018218e51810df8a1",
      "name": "nodejs-20.20.0",
      "pname": "nodejs_20",
      "rev": "88d3861acdd3d2f0e361767018218e51810df8a1",
      "rev_count": 931542,
      "rev_date": "2026-01-21T18:02:10Z",
      "scrape_date": "2026-01-23T04:32:53.049997Z",
      "stabilities": [
        "unstable"
      ],
      "unfree": false,
      "version": "20.20.0",
      "outputs_to_install": [
        "out"
      ],
      "outputs": {
        "dev": "/nix/store/fsrayxzszxaqcm5k849c33qncvr22rf1-nodejs-20.20.0-dev",
        "libv8": "/nix/store/8dmg3m6pxx6g850dr572fbnkkb7l4qx9-nodejs-20.20.0-libv8",
        "out": "/nix/store/l5zcv2mlpz4vkfr8gaznjl4l09pw7qva-nodejs-20.20.0"
      },
      "system": "aarch64-darwin",
      "group": "toplevel",
      "priority": 5
    },
    {
      "attr_path": "nodejs_20",
      "broken": false,
      "derivation": "/nix/store/g5dq0bd2f7dvybjah8l6q6anl6zq0lq6-nodejs-20.20.0.drv",
      "description": "Event-driven I/O framework for the V8 JavaScript engine",
      "install_id": "node",
      "license": "MIT",
      "locked_url": "https://github.com/flox/nixpkgs?rev=88d3861acdd3d2f0e361767018218e51810df8a1",
      "name": "nodejs-20.20.0",
      "pname": "nodejs_20",
      "rev": "88d3861acdd3d2f0e361767018218e51810df8a1",
      "rev_count": 931542,
      "rev_date": "2026-01-21T18:02:10Z",
      "scrape_date": "2026-01-23T05:13:09.913715Z",
      "stabilities": [
        "unstable"
      ],
      "unfree": false,
      "version": "20.20.0",
      "outputs_to_install": [
        "out"
      ],
      "outputs": {
        "dev": "/nix/store/6qd7afr0a8mw1y4lnddv380nb1yxg7mn-nodejs-20.20.0-dev",
        "libv8": "/nix/store/9afma3lnsdzfscr8783lwcqydad477m5-nodejs-20.20.0-libv8",
        "out": "/nix/store/8bcjyh3wm6172gch2hmjaw70786vnn0p-nodejs-20.20.0"
      },
      "system": "aarch64-linux",
      "group": "toplevel",
      "priority": 5
    },
    {
      "attr_path": "nodejs_20",
      "broken": false,
      "derivation": "/nix/store/hcp46zznh26g4l5zz73ri5j8ag1l5156-nodejs-20.20.0.drv",
      "description": "Event-driven I/O framework for the V8 JavaScript engine",
      "install_id": "node",
      "license": "MIT",
      "locked_url": "https://github.com/flox/nixpkgs?rev=88d3861acdd3d2f0e361767018218e51810df8a1",
      "name": "nodejs-20.20.0",
      "pname": "nodejs_20",
      "rev": "88d3861acdd3d2f0e361767018218e51810df8a1",
      "rev_count": 931542,
      "rev_date": "2026-01-21T18:02:10Z",
      "scrape_date": "2026-01-23T05:49:59.634620Z",
      "stabilities": [
        "unstable"
      ],
      "unfree": false,
      "version": "20.20.0",
      "outputs_to_install": [
        "out"
      ],
      "outputs": {
        "dev": "/nix/store/q91w4zkkd52829lcx3c1m9k1b2clgv3r-nodejs-20.20.0-dev",
        "libv8": "/nix/store/bl853ghmyam6zc9kpr8hq7dk8mdsnddi-nodejs-20.20.0-libv8",
        "out": "/nix/store/nfpj0w7ckamxpbzci2y9zsrlsw1yjgsa-nodejs-20.20.0"
      },
      "system": "x86_64-darwin",
      "group": "toplevel",
      "priority": 5
    },
    {
      "attr_path": "nodejs_20",
      "broken": false,
      "derivation": "/nix/store/7x7g2mba8q0hxhfffikj7iykv4mhp079-nodejs-20.20.0.drv",
      "description": "Event-driven I/O framework for the V8 JavaScript engine",
      "install_id": "node",
      "license": "MIT",
      "locked_url": "https://github.com/flox/nixpkgs?rev=88d3861acdd3d2f0e361767018218e51810df8a1",
      "name": "nodejs-20.20.0",
      "pname": "nodejs_20",
      "rev": "88d3861acdd3d2f0e361767018218e51810df8a1",
      "rev_count": 931542,
      "rev_date": "2026-01-21T18:02:10Z",
      "scrape_date": "2026-01-23T06:36:33.713181Z",
      "stabilities": [
        "unstable"
      ],
      "unfree": false,
      "version": "20.20.0",
      "outputs_to_install": [
        "out"
      ],
      "outputs": {
        "dev": "/nix/store/mha8cz3kq9pnnns2f4ygsdl911nnc9nn-nodejs-20.20.0-dev",
        "libv8": "/nix/store/y8syar3i7lnw6ys8akhq252zznlfv0p7-nodejs-20.20.0-libv8",
        "out": "/nix/store/jfar9wnj6kvr0gr6klh1gk7vgckkfr5j-nodejs-20.20.0"
      },
      "system": "x86_64-linux",
      "group": "toplevel",
      "priority": 5
    },
    {
      "attr_path": "shfmt",
      "broken": false,
      "derivation": "/nix/store/z0sc4njl80kfq2mn8b9bi2m4irqcyxzw-shfmt-3.12.0.drv",
      "description": "Shell parser and formatter",
      "install_id": "shfmt",
      "license": "BSD-3-Clause",
      "locked_url": "https://github.com/flox/nixpkgs?rev=88d3861acdd3d2f0e361767018218e51810df8a1",
      "name": "shfmt-3.12.0",
      "pname": "shfmt",
      "rev": "88d3861acdd3d2f0e361767018218e51810df8a1",
      "rev_count": 931542,
      "rev_date": "2026-01-21T18:02:10Z",
      "scrape_date": "2026-01-23T04:34:10.936375Z",
      "stabilities": [
        "unstable"
      ],
      "unfree": false,
      "version": "3.12.0",
      "outputs_to_install": [
        "out"
      ],
      "outputs": {
        "out": "/nix/store/dwz5z2wp95pkv6gsmz74w01qrihvhl1h-shfmt-3.12.0"
      },
      "system": "aarch64-darwin",
      "group": "toplevel",
      "priority": 5
    },
    {
      "attr_path": "shfmt",
      "broken": false,
      "derivation": "/nix/store/gv9fiilz8zz933c0xq4wqbzyqhbz2m2x-shfmt-3.12.0.drv",
      "description": "Shell parser and formatter",
      "install_id": "shfmt",
      "license": "BSD-3-Clause",
      "locked_url": "https://github.com/flox/nixpkgs?rev=88d3861acdd3d2f0e361767018218e51810df8a1",
      "name": "shfmt-3.12.0",
      "pname": "shfmt",
      "rev": "88d3861acdd3d2f0e361767018218e51810df8a1",
      "rev_count": 931542,
      "rev_date": "2026-01-21T18:02:10Z",
      "scrape_date": "2026-01-23T05:14:47.349479Z",
      "stabilities": [
        "unstable"
      ],
      "unfree": false,
      "version": "3.12.0",
      "outputs_to_install": [
        "out"
      ],
      "outputs": {
        "out": "/nix/store/6gqqharpvjfzm1wzny6a0zgf1v0aj53a-shfmt-3.12.0"
      },
      "system": "aarch64-linux",
      "group": "toplevel",
      "priority": 5
    },
    {
      "attr_path": "shfmt",
      "broken": false,
      "derivation": "/nix/store/yphf1h380jqk3pqxd7xwiz298bsxdsvb-shfmt-3.12.0.drv",
      "description": "Shell parser and formatter",
      "install_id": "shfmt",
      "license": "BSD-3-Clause",
      "locked_url": "https://github.com/flox/nixpkgs?rev=88d3861acdd3d2f0e361767018218e51810df8a1",
      "name": "shfmt-3.12.0",
      "pname": "shfmt",
      "rev": "88d3861acdd3d2f0e361767018218e51810df8a1",
      "rev_count": 931542,
      "rev_date": "2026-01-21T18:02:10Z",
      "scrape_date": "2026-01-23T05:51:17.976009Z",
      "stabilities": [
        "unstable"
      ],
      "unfree": false,
      "version": "3.12.0",
      "outputs_to_install": [
        "out"
      ],
      "outputs": {
        "out": "/nix/store/98fwma9rxd04pxj9jrsgvf9xs76f9hlf-shfmt-3.12.0"
      },
      "system": "x86_64-darwin",
      "group": "toplevel",
      "priority": 5
    },
    {
      "attr_path": "shfmt",
      "broken": false,
      "derivation": "/nix/store/fgjj3k9b069i67iyd5srxvp93nh2jfw9-shfmt-3.12.0.drv",
      "description": "Shell parser and formatter",
      "install_id": "shfmt",
      "license": "BSD-3-Clause",
      "locked_url": "https://github.com/flox/nixpkgs?rev=88d3861acdd3d2f0e361767018218e51810df8a1",
      "name": "shfmt-3.12.0",
      "pname": "shfmt",
      "rev": "88d3861acdd3d2f0e361767018218e51810df8a1",
      "rev_count": 931542,
      "rev_date": "2026-01-21T18:02:10Z",
      "scrape_date": "2026-01-23T06:38:15.479860Z",
      "stabilities": [
        "unstable"
      ],
      "unfree": false,
      "version": "3.12.0",
      "outputs_to_install": [
        "out"
      ],
      "outputs": {
        "out": "/nix/store/c3bgrcwq2735ybl5zw68n9nqgwaa0yrj-shfmt-3.12.0"
      },
      "system": "x86_64-linux",
      "group": "toplevel",
      "priority": 5
    },
    {
      "attr_path": "treefmt",
      "broken": false,
      "derivation": "/nix/store/qrmmwn0rjp9ycy6y5faw6wqglyxp2bj3-treefmt-2.4.0.drv",
      "description": "One CLI to format the code tree",
      "install_id": "treefmt",
      "license": "MIT",
      "locked_url": "https://github.com/flox/nixpkgs?rev=88d3861acdd3d2f0e361767018218e51810df8a1",
      "name": "treefmt-2.4.0",
      "pname": "treefmt",
      "rev": "88d3861acdd3d2f0e361767018218e51810df8a1",
      "rev_count": 931542,
      "rev_date": "2026-01-21T18:02:10Z",
      "scrape_date": "2026-01-23T04:34:34.088958Z",
      "stabilities": [
        "unstable"
      ],
      "unfree": false,
      "version": "2.4.0",
      "outputs_to_install": [
        "out"
      ],
      "outputs": {
        "out": "/nix/store/48r10kj61pjhz8alfscs8vgrdmlfnqx9-treefmt-2.4.0"
      },
      "system": "aarch64-darwin",
      "group": "toplevel",
      "priority": 5
    },
    {
      "attr_path": "treefmt",
      "broken": false,
      "derivation": "/nix/store/lcd0piipc6hpgb66fzpdxlh344rxpxqh-treefmt-2.4.0.drv",
      "description": "One CLI to format the code tree",
      "install_id": "treefmt",
      "license": "MIT",
      "locked_url": "https://github.com/flox/nixpkgs?rev=88d3861acdd3d2f0e361767018218e51810df8a1",
      "name": "treefmt-2.4.0",
      "pname": "treefmt",
      "rev": "88d3861acdd3d2f0e361767018218e51810df8a1",
      "rev_count": 931542,
      "rev_date": "2026-01-21T18:02:10Z",
      "scrape_date": "2026-01-23T05:15:20.659483Z",
      "stabilities": [
        "unstable"
      ],
      "unfree": false,
      "version": "2.4.0",
      "outputs_to_install": [
        "out"
      ],
      "outputs": {
        "out": "/nix/store/d46fscf82k9ay6s8a3qxk3682ycqalds-treefmt-2.4.0"
      },
      "system": "aarch64-linux",
      "group": "toplevel",
      "priority": 5
    },
    {
      "attr_path": "treefmt",
      "broken": false,
      "derivation": "/nix/store/xl8lgbv3l1wfr7ixsv0lyprvnxci2xwg-treefmt-2.4.0.drv",
      "description": "One CLI to format the code tree",
      "install_id": "treefmt",
      "license": "MIT",
      "locked_url": "https://github.com/flox/nixpkgs?rev=88d3861acdd3d2f0e361767018218e51810df8a1",
      "name": "treefmt-2.4.0",
      "pname": "treefmt",
      "rev": "88d3861acdd3d2f0e361767018218e51810df8a1",
      "rev_count": 931542,
      "rev_date": "2026-01-21T18:02:10Z",
      "scrape_date": "2026-01-23T05:51:41.337074Z",
      "stabilities": [
        "unstable"
      ],
      "unfree": false,
      "version": "2.4.0",
      "outputs_to_install": [
        "out"
      ],
      "outputs": {
        "out": "/nix/store/yllw5b2js10ia8v0z8x3crbakhal0cs7-treefmt-2.4.0"
      },
      "system": "x86_64-darwin",
      "group": "toplevel",
      "priority": 5
    },
    {
      "attr_path": "treefmt",
      "broken": false,
      "derivation": "/nix/store/4nxjb15vdv83ja6rj13smh4iq4va42zv-treefmt-2.4.0.drv",
      "description": "One CLI to format the code tree",
      "install_id": "treefmt",
      "license": "MIT",
      "locked_url": "https://github.com/flox/nixpkgs?rev=88d3861acdd3d2f0e361767018218e51810df8a1",
      "name": "treefmt-2.4.0",
      "pname": "treefmt",
      "rev": "88d3861acdd3d2f0e361767018218e51810df8a1",
      "rev_count": 931542,
      "rev_date": "2026-01-21T18:02:10Z",
      "scrape_date": "2026-01-23T06:38:49.793596Z",
      "stabilities": [
        "unstable"
      ],
      "unfree": false,
      "version": "2.4.0",
      "outputs_to_install": [
        "out"
      ],
      "outputs": {
        "out": "/nix/store/1pdwlp9d1rrm3xp4s5rhhk7mkmx9cmv2-treefmt-2.4.0"
      },
      "system": "x86_64-linux",
      "group": "toplevel",
      "priority": 5
    },
    {
      "attr_path": "yarn-berry",
      "broken": false,
      "derivation": "/nix/store/21k7halh9g4ya1q3ljrbxi9b7izg5f2p-yarn-berry-4.12.0.drv",
      "description": "Fast, reliable, and secure dependency management",
      "install_id": "yarn",
      "license": "BSD-2-Clause",
      "locked_url": "https://github.com/flox/nixpkgs?rev=88d3861acdd3d2f0e361767018218e51810df8a1",
      "name": "yarn-berry-4.12.0",
      "pname": "yarn-berry",
      "rev": "88d3861acdd3d2f0e361767018218e51810df8a1",
      "rev_count": 931542,
      "rev_date": "2026-01-21T18:02:10Z",
      "scrape_date": "2026-01-23T04:35:03.472924Z",
      "stabilities": [
        "unstable"
      ],
      "unfree": false,
      "version": "4.12.0",
      "outputs_to_install": [
        "out"
      ],
      "outputs": {
        "out": "/nix/store/2l7sbyyqardvrzr35zkrw67gbng5gb8y-yarn-berry-4.12.0"
      },
      "system": "aarch64-darwin",
      "group": "toplevel",
      "priority": 5
    },
    {
      "attr_path": "yarn-berry",
      "broken": false,
      "derivation": "/nix/store/kd7yd6aq6kdrrpfnvvx8lq281fvzqlra-yarn-berry-4.12.0.drv",
      "description": "Fast, reliable, and secure dependency management",
      "install_id": "yarn",
      "license": "BSD-2-Clause",
      "locked_url": "https://github.com/flox/nixpkgs?rev=88d3861acdd3d2f0e361767018218e51810df8a1",
      "name": "yarn-berry-4.12.0",
      "pname": "yarn-berry",
      "rev": "88d3861acdd3d2f0e361767018218e51810df8a1",
      "rev_count": 931542,
      "rev_date": "2026-01-21T18:02:10Z",
      "scrape_date": "2026-01-23T05:15:57.930508Z",
      "stabilities": [
        "unstable"
      ],
      "unfree": false,
      "version": "4.12.0",
      "outputs_to_install": [
        "out"
      ],
      "outputs": {
        "out": "/nix/store/klx9ndw1djgx0zhhyrkcn9an094rmmwv-yarn-berry-4.12.0"
      },
      "system": "aarch64-linux",
      "group": "toplevel",
      "priority": 5
    },
    {
      "attr_path": "yarn-berry",
      "broken": false,
      "derivation": "/nix/store/lmyr0nc3rqk832a7h46d93rl63g2svam-yarn-berry-4.12.0.drv",
      "description": "Fast, reliable, and secure dependency management",
      "install_id": "yarn",
      "license": "BSD-2-Clause",
      "locked_url": "https://github.com/flox/nixpkgs?rev=88d3861acdd3d2f0e361767018218e51810df8a1",
      "name": "yarn-berry-4.12.0",
      "pname": "yarn-berry",
      "rev": "88d3861acdd3d2f0e361767018218e51810df8a1",
      "rev_count": 931542,
      "rev_date": "2026-01-21T18:02:10Z",
      "scrape_date": "2026-01-23T05:52:10.985734Z",
      "stabilities": [
        "unstable"
      ],
      "unfree": false,
      "version": "4.12.0",
      "outputs_to_install": [
        "out"
      ],
      "outputs": {
        "out": "/nix/store/m6cwiya6hrbwnlprh2cbnmz6c7mkylrf-yarn-berry-4.12.0"
      },
      "system": "x86_64-darwin",
      "group": "toplevel",
      "priority": 5
    },
    {
      "attr_path": "yarn-berry",
      "broken": false,
      "derivation": "/nix/store/9g8fzz520alhz8bj770c0x2v7b9yhaal-yarn-berry-4.12.0.drv",
      "description": "Fast, reliable, and secure dependency management",
      "install_id": "yarn",
      "license": "BSD-2-Clause",
      "locked_url": "https://github.com/flox/nixpkgs?rev=88d3861acdd3d2f0e361767018218e51810df8a1",
      "name": "yarn-berry-4.12.0",
      "pname": "yarn-berry",
      "rev": "88d3861acdd3d2f0e361767018218e51810df8a1",
      "rev_count": 931542,
      "rev_date": "2026-01-21T18:02:10Z",
      "scrape_date": "2026-01-23T06:39:28.762494Z",
      "stabilities": [
        "unstable"
      ],
      "unfree": false,
      "version": "4.12.0",
      "outputs_to_install": [
        "out"
      ],
      "outputs": {
        "out": "/nix/store/q1gys3zgijcciiafbh9nfawkx5wj8179-yarn-berry-4.12.0"
      },
      "system": "x86_64-linux",
      "group": "toplevel",
      "priority": 5
    }
  ],
  "compose": {
    "composer": {
      "version": 1,
      "vars": {
        "IOS_MIN_RUNTIME": "15.0",
        "IOS_SIM_DEVICE": "iPhone 13"
      },
      "hook": {},
      "profile": {},
      "options": {},
      "services": {
        "ios-simulator-min": {
          "command": "bash -lc '\nset -euo pipefail\n\nproject_root=\"${PROJECT_ROOT:-$(git rev-parse --show-toplevel 2>/dev/null || pwd)}\"\ncd \"$project_root\"\n\nIOS_MANAGER_FOREGROUND=1 IOS_FLAVOR=minsdk bash \"$project_root/scripts/ios.sh\" start\n'\n"
        }
      },
      "include": {
        "environments": [
          {
            "dir": ".."
          },
          {
            "dir": "../../nodejs"
          }
        ]
      }
    },
    "include": [
      {
        "manifest": {
          "version": 1,
          "install": {
            "cocoapods": {
              "pkg-path": "cocoapods",
              "systems": [
                "x86_64-darwin",
                "aarch64-darwin"
              ]
            },
            "jq": {
              "pkg-path": "jq"
            },
            "nixfmt": {
              "pkg-path": "nixfmt-rfc-style"
            },
            "shfmt": {
              "pkg-path": "shfmt"
            },
            "treefmt": {
              "pkg-path": "treefmt"
            }
          },
          "vars": {
            "ANDROID_MAX_API": "33",
            "ANDROID_MAX_AVD_ARM": "medium_phone_API33_arm64_v8a",
            "ANDROID_MAX_AVD_X64": "medium_phone_API33_x86_64",
            "ANDROID_MIN_API": "21",
            "ANDROID_MIN_AVD": "pixel_API21_x86_64",
            "ANDROID_MIN_AVD_ARM": "pixel_API21_arm64_v8a",
            "IOS_MAX_DEVICE": "iPhone 17",
            "IOS_MAX_RUNTIME": "26.1",
            "IOS_MIN_DEVICE": "iPhone 13",
            "IOS_MIN_RUNTIME": "15.0",
            "IOS_SIM_MAX_DEVICE": "iPhone 17"
          },
          "hook": {
            "on-activate": "    export ROOT_PROJECT=$(git rev-parse --show-toplevel)\n    script() {\n      local name=\"${1:-}\"\n      shift || true\n      if [ -z \"$name\" ]; then\n        echo \"Usage: script <name> [args...] (runs scripts/<name>.sh)\" >&2\n        return 1\n      fi\n      local project_root=\"${ROOT_PROJECT:-$(git rev-parse --show-toplevel 2>/dev/null || pwd)}\"\n      local path=\"$project_root/scripts/${name}.sh\"\n      if [ ! -x \"$path\" ]; then\n        echo \"script: $path not found or not executable\" >&2\n        return 1\n      fi\n      \"$path\" \"$@\"\n    }\n    # Ensure Yarn 4 from the env wins over any host Yarn 1.x\n    clean_path=\"$(printf '%s' \"$PATH\" | tr ':' '\\n' | grep -v '/.yarn/bin' | paste -sd: -)\"\n    export COREPACK_HOME=\"$HOME/.local/share/corepack\"\n    mkdir -p \"$HOME/.local/bin\" \"$COREPACK_HOME\"\n    # Prefer the env-provided yarn binary explicitly if present.\n    if command -v yarn >/dev/null 2>&1; then\n      yarn_dir=\"$(dirname \"$(command -v yarn)\")\"\n      export PATH=\"$yarn_dir:$HOME/.local/bin:$COREPACK_HOME:$clean_path\"\n    else\n      export PATH=\"$HOME/.local/bin:$COREPACK_HOME:$clean_path\"\n    fi\n    if command -v corepack >/dev/null 2>&1; then\n      corepack enable --install-directory \"$HOME/.local/bin\" >/dev/null 2>&1 || true\n      corepack prepare \"yarn@4.12.0\" --activate --install-directory \"$HOME/.local/bin\" >/dev/null 2>&1 || true\n      hash -r\n    fi\n \n  set -euo pipefail\n\n  # Prefer system toolchains for iOS builds; avoid Nix C toolchain flags leaking into xcodebuild.\n  unset NIX_CFLAGS_COMPILE NIX_LDFLAGS NIX_CFLAGS_LINK LIBRARY_PATH\n\n  project_root=\"${PROJECT_ROOT:-$(git rev-parse --show-toplevel 2>/dev/null || pwd)}\"\n  if [ ! -d \"$project_root/env/ios\" ]; then\n    project_root=\"$(cd \"$(dirname \"${BASH_SOURCE[0]:-$0}\")/../../../../..\" && pwd)\"\n  fi\n  export PROJECT_ROOT=\"$project_root\"\n  if [ -f \"$project_root/scripts/ios.sh\" ]; then\n    source \"$project_root/scripts/ios.sh\"\n  elif [ -f \"$project_root/env/ios/setup.sh\" ]; then\n    source \"$project_root/env/ios/setup.sh\"\n  fi\n "
          },
          "profile": {},
          "options": {}
        },
        "name": "ios",
        "descriptor": {
          "dir": ".."
        }
      },
      {
        "manifest": {
          "version": 1,
          "install": {
            "jq": {
              "pkg-path": "jq"
            },
            "nixfmt": {
              "pkg-path": "nixfmt-rfc-style"
            },
            "node": {
              "pkg-path": "nodejs_20"
            },
            "shfmt": {
              "pkg-path": "shfmt"
            },
            "treefmt": {
              "pkg-path": "treefmt"
            },
            "yarn": {
              "pkg-path": "yarn-berry",
              "version": "4.12.0"
            }
          },
          "vars": {
            "ANDROID_MAX_API": "33",
            "ANDROID_MAX_AVD_ARM": "medium_phone_API33_arm64_v8a",
            "ANDROID_MAX_AVD_X64": "medium_phone_API33_x86_64",
            "ANDROID_MIN_API": "21",
            "ANDROID_MIN_AVD": "pixel_API21_x86_64",
            "ANDROID_MIN_AVD_ARM": "pixel_API21_arm64_v8a",
            "IOS_MAX_DEVICE": "iPhone 17",
            "IOS_MAX_RUNTIME": "26.1",
            "IOS_MIN_DEVICE": "iPhone 13",
            "IOS_MIN_RUNTIME": "15.0"
          },
          "hook": {
            "on-activate": "    export ROOT_PROJECT=$(git rev-parse --show-toplevel)\n    script() {\n      local name=\"${1:-}\"\n      shift || true\n      if [ -z \"$name\" ]; then\n        echo \"Usage: script <name> [args...] (runs scripts/<name>.sh)\" >&2\n        return 1\n      fi\n      local project_root=\"${ROOT_PROJECT:-$(git rev-parse --show-toplevel 2>/dev/null || pwd)}\"\n      local path=\"$project_root/scripts/${name}.sh\"\n      if [ ! -x \"$path\" ]; then\n        echo \"script: $path not found or not executable\" >&2\n        return 1\n      fi\n      \"$path\" \"$@\"\n    }\n    # Ensure Yarn 4 from the env wins over any host Yarn 1.x\n    clean_path=\"$(printf '%s' \"$PATH\" | tr ':' '\\n' | grep -v '/.yarn/bin' | paste -sd: -)\"\n    export COREPACK_HOME=\"$HOME/.local/share/corepack\"\n    mkdir -p \"$HOME/.local/bin\" \"$COREPACK_HOME\"\n    # Prefer the env-provided yarn binary explicitly if present.\n    if command -v yarn >/dev/null 2>&1; then\n      yarn_dir=\"$(dirname \"$(command -v yarn)\")\"\n      export PATH=\"$yarn_dir:$HOME/.local/bin:$COREPACK_HOME:$clean_path\"\n    else\n      export PATH=\"$HOME/.local/bin:$COREPACK_HOME:$clean_path\"\n    fi\n    if command -v corepack >/dev/null 2>&1; then\n      corepack enable --install-directory \"$HOME/.local/bin\" >/dev/null 2>&1 || true\n      corepack prepare \"yarn@4.12.0\" --activate --install-directory \"$HOME/.local/bin\" >/dev/null 2>&1 || true\n      hash -r\n    fi\n \n"
          },
          "profile": {},
          "options": {}
        },
        "name": "nodejs",
        "descriptor": {
          "dir": "../../nodejs"
        }
      }
    ],
    "warnings": [
      {
        "warning": {
          "Overriding": [
            "install",
            "jq"
          ]
        },
        "higher_priority_name": "nodejs"
      },
      {
        "warning": {
          "Overriding": [
            "install",
            "nixfmt"
          ]
        },
        "higher_priority_name": "nodejs"
      },
      {
        "warning": {
          "Overriding": [
            "install",
            "shfmt"
          ]
        },
        "higher_priority_name": "nodejs"
      },
      {
        "warning": {
          "Overriding": [
            "install",
            "treefmt"
          ]
        },
        "higher_priority_name": "nodejs"
      },
      {
        "warning": {
          "Overriding": [
            "vars",
            "ANDROID_MAX_API"
          ]
        },
        "higher_priority_name": "nodejs"
      },
      {
        "warning": {
          "Overriding": [
            "vars",
            "ANDROID_MAX_AVD_ARM"
          ]
        },
        "higher_priority_name": "nodejs"
      },
      {
        "warning": {
          "Overriding": [
            "vars",
            "ANDROID_MAX_AVD_X64"
          ]
        },
        "higher_priority_name": "nodejs"
      },
      {
        "warning": {
          "Overriding": [
            "vars",
            "ANDROID_MIN_API"
          ]
        },
        "higher_priority_name": "nodejs"
      },
      {
        "warning": {
          "Overriding": [
            "vars",
            "ANDROID_MIN_AVD"
          ]
        },
        "higher_priority_name": "nodejs"
      },
      {
        "warning": {
          "Overriding": [
            "vars",
            "ANDROID_MIN_AVD_ARM"
          ]
        },
        "higher_priority_name": "nodejs"
      },
      {
        "warning": {
          "Overriding": [
            "vars",
            "IOS_MAX_DEVICE"
          ]
        },
        "higher_priority_name": "nodejs"
      },
      {
        "warning": {
          "Overriding": [
            "vars",
            "IOS_MAX_RUNTIME"
          ]
        },
        "higher_priority_name": "nodejs"
      },
      {
        "warning": {
          "Overriding": [
            "vars",
            "IOS_MIN_DEVICE"
          ]
        },
        "higher_priority_name": "nodejs"
      },
      {
        "warning": {
          "Overriding": [
            "vars",
            "IOS_MIN_RUNTIME"
          ]
        },
        "higher_priority_name": "nodejs"
      },
      {
        "warning": {
          "Overriding": [
            "vars",
            "IOS_MIN_RUNTIME"
          ]
        },
        "higher_priority_name": "Current manifest"
      }
    ]
  }
}
