{
  "devices": [
    {
      "name": "medium_phone_api36",
      "api": 36,
      "device": "medium_phone",
      "tag": "google_apis"
    },
    {
      "name": "pixel_api24",
      "api": 24,
      "device": "pixel",
      "tag": "google_apis"
    }
  ],
  "checksum": "9c9adf202cb494e4d6554d790fab9455481658cf70e7d0a0abcdb0ae9824ddc0"
}
