{
  "lockfile_version": "1",
  "packages": {
    "cocoapods@latest": {
      "last_modified": "2026-03-21T07:29:51Z",
      "resolved": "github:NixOS/nixpkgs/09061f748ee21f68a089cd5d91ec1859cd93d0be#cocoapods",
      "source": "devbox-search",
      "version": "1.16.2",
      "systems": {
        "aarch64-darwin": {
          "outputs": [
            {
              "name": "out",
              "path": "/nix/store/i35dcb5pq1a03ns5qh2d3jsrmfn610qc-cocoapods-1.16.2",
              "default": true
            }
          ],
          "store_path": "/nix/store/i35dcb5pq1a03ns5qh2d3jsrmfn610qc-cocoapods-1.16.2"
        },
        "x86_64-darwin": {
          "outputs": [
            {
              "name": "out",
              "path": "/nix/store/9f32j7nxb1n3hdx3g4jl7ha45krrs55d-cocoapods-1.16.2",
              "default": true
            }
          ],
          "store_path": "/nix/store/9f32j7nxb1n3hdx3g4jl7ha45krrs55d-cocoapods-1.16.2"
        }
      }
    },
    "github:NixOS/nixpkgs/nixpkgs-unstable": {
      "last_modified": "2026-04-16T08:46:55Z",
      "resolved": "github:NixOS/nixpkgs/b86751bc4085f48661017fa226dee99fab6c651b?lastModified=1776329215"
    },
    "jq@latest": {
      "last_modified": "2026-04-10T03:55:24Z",
      "resolved": "github:NixOS/nixpkgs/9d29d5f667d7467f98efc31881e824fa586c927e#jq",
      "source": "devbox-search",
      "version": "1.8.1",
      "systems": {
        "aarch64-darwin": {
          "outputs": [
            {
              "name": "bin",
              "path": "/nix/store/bb450vb2gl547zwba8sihcyilsg2rqfa-jq-1.8.1-bin",
              "default": true
            },
            {
              "name": "man",
              "path": "/nix/store/vs96fwfhd5gjycxs5yc58wkrizscww92-jq-1.8.1-man",
              "default": true
            },
            {
              "name": "dev",
              "path": "/nix/store/irxgyhi0rq34f2y721a26ii09nynq2ha-jq-1.8.1-dev"
            },
            {
              "name": "doc",
              "path": "/nix/store/rnkk37licxmcicz44sm368bk2fsrk52j-jq-1.8.1-doc"
            },
            {
              "name": "out",
              "path": "/nix/store/y4gq3lbz2nq75cl3v28ixrqrr90pk4lf-jq-1.8.1"
            }
          ],
          "store_path": "/nix/store/bb450vb2gl547zwba8sihcyilsg2rqfa-jq-1.8.1-bin"
        },
        "aarch64-linux": {
          "outputs": [
            {
              "name": "bin",
              "path": "/nix/store/h68aklwk28xbrg7pqaw078w1hvvvf419-jq-1.8.1-bin",
              "default": true
            },
            {
              "name": "man",
              "path": "/nix/store/l4npc0sgk51lz2d6jqnl4r18hmn6qckr-jq-1.8.1-man",
              "default": true
            },
            {
              "name": "out",
              "path": "/nix/store/5jf55qkwrnd769ri9wxiy7z9kp5zb4ca-jq-1.8.1"
            },
            {
              "name": "dev",
              "path": "/nix/store/kzsszlf69lndqilpgysw1j9b4hrfwjfx-jq-1.8.1-dev"
            },
            {
              "name": "doc",
              "path": "/nix/store/rr0a4brsd47393640zn9zgw844rbkrsl-jq-1.8.1-doc"
            }
          ],
          "store_path": "/nix/store/h68aklwk28xbrg7pqaw078w1hvvvf419-jq-1.8.1-bin"
        },
        "x86_64-darwin": {
          "outputs": [
            {
              "name": "bin",
              "path": "/nix/store/y699jyfkqhj7lm51zdxm1df28izg6zgj-jq-1.8.1-bin",
              "default": true
            },
            {
              "name": "man",
              "path": "/nix/store/0h261wdn6mlrn564adwhyw52a2dfnbg5-jq-1.8.1-man",
              "default": true
            },
            {
              "name": "out",
              "path": "/nix/store/44i56yshwqwgw912idz0m9zx30d1xg8z-jq-1.8.1"
            },
            {
              "name": "dev",
              "path": "/nix/store/681w0vijzacwyhcwylkvbppd4kps33fw-jq-1.8.1-dev"
            },
            {
              "name": "doc",
              "path": "/nix/store/2bvvha8apma6crzhsnpjrghnjbjj6hpm-jq-1.8.1-doc"
            }
          ],
          "store_path": "/nix/store/y699jyfkqhj7lm51zdxm1df28izg6zgj-jq-1.8.1-bin"
        },
        "x86_64-linux": {
          "outputs": [
            {
              "name": "bin",
              "path": "/nix/store/fc13hvlj7541i1xmwdka7f61qicdzr5a-jq-1.8.1-bin",
              "default": true
            },
            {
              "name": "man",
              "path": "/nix/store/crwv17pim6csnfr4jmsd7kf60sp3c5dh-jq-1.8.1-man",
              "default": true
            },
            {
              "name": "dev",
              "path": "/nix/store/plinh1rzkh83n4gfpkxl748zgaydpxll-jq-1.8.1-dev"
            },
            {
              "name": "doc",
              "path": "/nix/store/ihgrvb9w91mwbhxx3fi3gcwwx3qlsdfv-jq-1.8.1-doc"
            },
            {
              "name": "out",
              "path": "/nix/store/s4w1j16dj8wyriv1ljfypr9s1r39yjwp-jq-1.8.1"
            }
          ],
          "store_path": "/nix/store/fc13hvlj7541i1xmwdka7f61qicdzr5a-jq-1.8.1-bin"
        }
      }
    },
    "nixfmt@latest": {
      "last_modified": "2026-03-21T07:29:51Z",
      "resolved": "github:NixOS/nixpkgs/09061f748ee21f68a089cd5d91ec1859cd93d0be#nixfmt",
      "source": "devbox-search",
      "version": "1.2.0",
      "systems": {
        "aarch64-darwin": {
          "outputs": [
            {
              "name": "out",
              "path": "/nix/store/js6wdady9nz3whaf99flkszzdx9642yc-nixfmt-1.2.0",
              "default": true
            }
          ],
          "store_path": "/nix/store/js6wdady9nz3whaf99flkszzdx9642yc-nixfmt-1.2.0"
        },
        "aarch64-linux": {
          "outputs": [
            {
              "name": "out",
              "path": "/nix/store/gsd7qz0fn2ll0sgnnrbjq0yc0cgrcnw7-nixfmt-1.2.0",
              "default": true
            }
          ],
          "store_path": "/nix/store/gsd7qz0fn2ll0sgnnrbjq0yc0cgrcnw7-nixfmt-1.2.0"
        },
        "x86_64-darwin": {
          "outputs": [
            {
              "name": "out",
              "path": "/nix/store/qzg1pr3by70s6x0w2636n7z91y5c3f66-nixfmt-1.2.0",
              "default": true
            }
          ],
          "store_path": "/nix/store/qzg1pr3by70s6x0w2636n7z91y5c3f66-nixfmt-1.2.0"
        },
        "x86_64-linux": {
          "outputs": [
            {
              "name": "out",
              "path": "/nix/store/m8r6kk7rancjxh4p3hrqwdh0g19yk3hl-nixfmt-1.2.0",
              "default": true
            }
          ],
          "store_path": "/nix/store/m8r6kk7rancjxh4p3hrqwdh0g19yk3hl-nixfmt-1.2.0"
        }
      }
    },
    "nodejs@22": {
      "last_modified": "2026-03-27T11:17:38Z",
      "plugin_version": "0.0.2",
      "resolved": "github:NixOS/nixpkgs/832efc09b4caf6b4569fbf9dc01bec3082a00611#nodejs_22",
      "source": "devbox-search",
      "version": "22.22.2",
      "systems": {
        "aarch64-darwin": {
          "outputs": [
            {
              "name": "out",
              "path": "/nix/store/jp1j44w4fvrxvx62fasairgwv80iw6x3-nodejs-22.22.2",
              "default": true
            }
          ],
          "store_path": "/nix/store/jp1j44w4fvrxvx62fasairgwv80iw6x3-nodejs-22.22.2"
        },
        "aarch64-linux": {
          "outputs": [
            {
              "name": "out",
              "path": "/nix/store/8h77mdsa9py3x9xxx2yak50fl6kqf2ma-nodejs-22.22.2",
              "default": true
            }
          ],
          "store_path": "/nix/store/8h77mdsa9py3x9xxx2yak50fl6kqf2ma-nodejs-22.22.2"
        },
        "x86_64-darwin": {
          "outputs": [
            {
              "name": "out",
              "path": "/nix/store/xn66x7bs1winnfa4pakr9lrjamb9bmj3-nodejs-22.22.2",
              "default": true
            }
          ],
          "store_path": "/nix/store/xn66x7bs1winnfa4pakr9lrjamb9bmj3-nodejs-22.22.2"
        },
        "x86_64-linux": {
          "outputs": [
            {
              "name": "out",
              "path": "/nix/store/h2barca1k5pmvcyl9fwrzwrb4cn1b248-nodejs-22.22.2",
              "default": true
            }
          ],
          "store_path": "/nix/store/h2barca1k5pmvcyl9fwrzwrb4cn1b248-nodejs-22.22.2"
        }
      }
    },
    "shfmt@latest": {
      "last_modified": "2026-04-07T08:05:10Z",
      "resolved": "github:NixOS/nixpkgs/a3db02183b5da6fbf728203492a5d1b9d109b7f9#shfmt",
      "source": "devbox-search",
      "version": "3.13.1",
      "systems": {
        "aarch64-darwin": {
          "outputs": [
            {
              "name": "out",
              "path": "/nix/store/mrwyxsjjd4b25g7h3w5sxh1w9slv9qvr-shfmt-3.13.1",
              "default": true
            }
          ],
          "store_path": "/nix/store/mrwyxsjjd4b25g7h3w5sxh1w9slv9qvr-shfmt-3.13.1"
        },
        "aarch64-linux": {
          "outputs": [
            {
              "name": "out",
              "path": "/nix/store/5r4388803b93ampjnm5j4c047d7ra3vd-shfmt-3.13.1",
              "default": true
            }
          ],
          "store_path": "/nix/store/5r4388803b93ampjnm5j4c047d7ra3vd-shfmt-3.13.1"
        },
        "x86_64-darwin": {
          "outputs": [
            {
              "name": "out",
              "path": "/nix/store/rczypri1abwhzys5piy9zqbzhgad7jlq-shfmt-3.13.1",
              "default": true
            }
          ],
          "store_path": "/nix/store/rczypri1abwhzys5piy9zqbzhgad7jlq-shfmt-3.13.1"
        },
        "x86_64-linux": {
          "outputs": [
            {
              "name": "out",
              "path": "/nix/store/3fqbb9m25zbkg1cs19bl9w6yi0yjvd7q-shfmt-3.13.1",
              "default": true
            }
          ],
          "store_path": "/nix/store/3fqbb9m25zbkg1cs19bl9w6yi0yjvd7q-shfmt-3.13.1"
        }
      }
    },
    "treefmt@latest": {
      "last_modified": "2026-04-08T00:40:38Z",
      "resolved": "github:NixOS/nixpkgs/9a01fad67a57e44e1b3e1d905c6881bcfb209e8a#treefmt",
      "source": "devbox-search",
      "version": "2.5.0",
      "systems": {
        "aarch64-darwin": {
          "outputs": [
            {
              "name": "out",
              "path": "/nix/store/1z84g4b0y6xbgp2x17bhvcqb1flid4ls-treefmt-2.5.0",
              "default": true
            }
          ],
          "store_path": "/nix/store/1z84g4b0y6xbgp2x17bhvcqb1flid4ls-treefmt-2.5.0"
        },
        "aarch64-linux": {
          "outputs": [
            {
              "name": "out",
              "path": "/nix/store/m4h9rk5khvl7mz3hi1dj508xpak4kd27-treefmt-2.5.0",
              "default": true
            }
          ],
          "store_path": "/nix/store/m4h9rk5khvl7mz3hi1dj508xpak4kd27-treefmt-2.5.0"
        },
        "x86_64-darwin": {
          "outputs": [
            {
              "name": "out",
              "path": "/nix/store/bmqxxypl5hsg4dak9ckw819lld87imnp-treefmt-2.5.0",
              "default": true
            }
          ],
          "store_path": "/nix/store/bmqxxypl5hsg4dak9ckw819lld87imnp-treefmt-2.5.0"
        },
        "x86_64-linux": {
          "outputs": [
            {
              "name": "out",
              "path": "/nix/store/z60np9r7vgajzk4jrbccqafk41vgg63h-treefmt-2.5.0",
              "default": true
            }
          ],
          "store_path": "/nix/store/z60np9r7vgajzk4jrbccqafk41vgg63h-treefmt-2.5.0"
        }
      }
    },
    "yarn-berry@latest": {
      "last_modified": "2026-03-21T07:29:51Z",
      "resolved": "github:NixOS/nixpkgs/09061f748ee21f68a089cd5d91ec1859cd93d0be#yarn-berry",
      "source": "devbox-search",
      "version": "4.13.0",
      "systems": {
        "aarch64-darwin": {
          "outputs": [
            {
              "name": "out",
              "path": "/nix/store/b1md6hp71c5lcgj7nn2iqm69qryry1nn-yarn-berry-4.13.0",
              "default": true
            }
          ],
          "store_path": "/nix/store/b1md6hp71c5lcgj7nn2iqm69qryry1nn-yarn-berry-4.13.0"
        },
        "aarch64-linux": {
          "outputs": [
            {
              "name": "out",
              "path": "/nix/store/p64sf0mkrr5zp6ikaa5lq05554n4960s-yarn-berry-4.13.0",
              "default": true
            }
          ],
          "store_path": "/nix/store/p64sf0mkrr5zp6ikaa5lq05554n4960s-yarn-berry-4.13.0"
        },
        "x86_64-darwin": {
          "outputs": [
            {
              "name": "out",
              "path": "/nix/store/gd4bawwhkrvwxms96vq1z0vpy8j51fra-yarn-berry-4.13.0",
              "default": true
            }
          ],
          "store_path": "/nix/store/gd4bawwhkrvwxms96vq1z0vpy8j51fra-yarn-berry-4.13.0"
        },
        "x86_64-linux": {
          "outputs": [
            {
              "name": "out",
              "path": "/nix/store/gr19h6hyx64amxbh334csgsqgjhljwyx-yarn-berry-4.13.0",
              "default": true
            }
          ],
          "store_path": "/nix/store/gr19h6hyx64amxbh334csgsqgjhljwyx-yarn-berry-4.13.0"
        }
      }
    }
  }
}
