{
  "lockfile_version": "1",
  "packages": {
    "act@latest": {
      "last_modified": "2026-01-23T17:20:52Z",
      "resolved": "github:NixOS/nixpkgs/a1bab9e494f5f4939442a57a58d0449a109593fe#act",
      "source": "devbox-search",
      "version": "0.2.84",
      "systems": {
        "aarch64-darwin": {
          "outputs": [
            {
              "name": "out",
              "path": "/nix/store/60fx8ffpxxfl7chps435jz0yy40bgz7z-act-0.2.84",
              "default": true
            }
          ],
          "store_path": "/nix/store/60fx8ffpxxfl7chps435jz0yy40bgz7z-act-0.2.84"
        },
        "aarch64-linux": {
          "outputs": [
            {
              "name": "out",
              "path": "/nix/store/jrbdrlv46d8jglg30v078ncxmmc7rfrj-act-0.2.84",
              "default": true
            }
          ],
          "store_path": "/nix/store/jrbdrlv46d8jglg30v078ncxmmc7rfrj-act-0.2.84"
        },
        "x86_64-darwin": {
          "outputs": [
            {
              "name": "out",
              "path": "/nix/store/j49qnbhrsi7qhw4jn9852f818nxmmj9r-act-0.2.84",
              "default": true
            }
          ],
          "store_path": "/nix/store/j49qnbhrsi7qhw4jn9852f818nxmmj9r-act-0.2.84"
        },
        "x86_64-linux": {
          "outputs": [
            {
              "name": "out",
              "path": "/nix/store/29dp2s13wyawgm1m5kvsl8n4mh107h8r-act-0.2.84",
              "default": true
            }
          ],
          "store_path": "/nix/store/29dp2s13wyawgm1m5kvsl8n4mh107h8r-act-0.2.84"
        }
      }
    },
    "bash@latest": {
      "last_modified": "2026-01-23T17:20:52Z",
      "resolved": "github:NixOS/nixpkgs/a1bab9e494f5f4939442a57a58d0449a109593fe#bash",
      "source": "devbox-search",
      "version": "5.3p9",
      "systems": {
        "aarch64-darwin": {
          "outputs": [
            {
              "name": "out",
              "path": "/nix/store/ngqf98amj0hv0jhzhz540p03wxjj0chj-bash-interactive-5.3p9",
              "default": true
            },
            {
              "name": "man",
              "path": "/nix/store/k23hpm86ymd7l92c7cg0a2wsjadr8mx6-bash-interactive-5.3p9-man",
              "default": true
            },
            {
              "name": "dev",
              "path": "/nix/store/vhhwpi6h16bxbrvx1sdg5ag973dln1r9-bash-interactive-5.3p9-dev"
            },
            {
              "name": "doc",
              "path": "/nix/store/dahmvcafcvsp553w8lhkqy2ppv7gd6m5-bash-interactive-5.3p9-doc"
            },
            {
              "name": "info",
              "path": "/nix/store/lqd7rdyads0i42dhxj8zwzj0d01hbgqf-bash-interactive-5.3p9-info"
            }
          ],
          "store_path": "/nix/store/ngqf98amj0hv0jhzhz540p03wxjj0chj-bash-interactive-5.3p9"
        },
        "aarch64-linux": {
          "outputs": [
            {
              "name": "out",
              "path": "/nix/store/62p6g8nz491c6z224wc6ci1m699y2jhn-bash-interactive-5.3p9",
              "default": true
            },
            {
              "name": "man",
              "path": "/nix/store/1ma79ibx4dn0hdbflsxyxccrxzjqqwr3-bash-interactive-5.3p9-man",
              "default": true
            },
            {
              "name": "doc",
              "path": "/nix/store/3a9xbr58hfgbj42rmsd9x2fwnir2aasy-bash-interactive-5.3p9-doc"
            },
            {
              "name": "info",
              "path": "/nix/store/h87j74dh8b6lrj11720bda5qq1zfzac0-bash-interactive-5.3p9-info"
            },
            {
              "name": "debug",
              "path": "/nix/store/j1i5n2snbiim8s63x9d41yiqv1anmsvi-bash-interactive-5.3p9-debug"
            },
            {
              "name": "dev",
              "path": "/nix/store/n2i7ipwdbxiypxfballikvp8gx4jkivz-bash-interactive-5.3p9-dev"
            }
          ],
          "store_path": "/nix/store/62p6g8nz491c6z224wc6ci1m699y2jhn-bash-interactive-5.3p9"
        },
        "x86_64-darwin": {
          "outputs": [
            {
              "name": "out",
              "path": "/nix/store/n129ikd89z3didy0p2xw8hqgfaphyv11-bash-interactive-5.3p9",
              "default": true
            },
            {
              "name": "man",
              "path": "/nix/store/2m52h1lgaahqz6fag0aqw1499fjzq473-bash-interactive-5.3p9-man",
              "default": true
            },
            {
              "name": "dev",
              "path": "/nix/store/7px2mpd1qj0106g64qp411p2y5cwlzbz-bash-interactive-5.3p9-dev"
            },
            {
              "name": "doc",
              "path": "/nix/store/s9wwkzamvd36hwz94661rzg0s8bs86bc-bash-interactive-5.3p9-doc"
            },
            {
              "name": "info",
              "path": "/nix/store/z9v40pvapyx3qd6liy9q4v6iwncwapl5-bash-interactive-5.3p9-info"
            }
          ],
          "store_path": "/nix/store/n129ikd89z3didy0p2xw8hqgfaphyv11-bash-interactive-5.3p9"
        },
        "x86_64-linux": {
          "outputs": [
            {
              "name": "out",
              "path": "/nix/store/x12lw455sq6qy2wcya85d7rb88ybc3df-bash-interactive-5.3p9",
              "default": true
            },
            {
              "name": "man",
              "path": "/nix/store/1yg24id0csjk4nq1a3apimwf8dqisr9d-bash-interactive-5.3p9-man",
              "default": true
            },
            {
              "name": "debug",
              "path": "/nix/store/sihl8njk3077kr0bh1fnagdxy83hbyfb-bash-interactive-5.3p9-debug"
            },
            {
              "name": "dev",
              "path": "/nix/store/a1phwny3n394ij9j7csxa51lvb7nf45d-bash-interactive-5.3p9-dev"
            },
            {
              "name": "doc",
              "path": "/nix/store/64qrsa2hiz1ayjv0m655cqwzx54hib9w-bash-interactive-5.3p9-doc"
            },
            {
              "name": "info",
              "path": "/nix/store/by59bhs57xx4i2nh01bsjm3gdprgrby1-bash-interactive-5.3p9-info"
            }
          ],
          "store_path": "/nix/store/x12lw455sq6qy2wcya85d7rb88ybc3df-bash-interactive-5.3p9"
        }
      }
    },
    "cocoapods@latest": {
      "last_modified": "2026-01-23T17:20:52Z",
      "resolved": "github:NixOS/nixpkgs/a1bab9e494f5f4939442a57a58d0449a109593fe#cocoapods",
      "source": "devbox-search",
      "version": "1.16.2",
      "systems": {
        "aarch64-darwin": {
          "outputs": [
            {
              "name": "out",
              "path": "/nix/store/xmpbzlm4h97izn0nwf5r3flxa3hqiawa-cocoapods-1.16.2",
              "default": true
            }
          ],
          "store_path": "/nix/store/xmpbzlm4h97izn0nwf5r3flxa3hqiawa-cocoapods-1.16.2"
        },
        "x86_64-darwin": {
          "outputs": [
            {
              "name": "out",
              "path": "/nix/store/kk994ybb09jk38n2k2sp5mifgka5mixg-cocoapods-1.16.2",
              "default": true
            }
          ],
          "store_path": "/nix/store/kk994ybb09jk38n2k2sp5mifgka5mixg-cocoapods-1.16.2"
        }
      }
    },
    "coreutils@latest": {
      "last_modified": "2026-01-23T17:20:52Z",
      "resolved": "github:NixOS/nixpkgs/a1bab9e494f5f4939442a57a58d0449a109593fe#coreutils",
      "source": "devbox-search",
      "version": "9.9",
      "systems": {
        "aarch64-darwin": {
          "outputs": [
            {
              "name": "out",
              "path": "/nix/store/hf6y9njhfwvigr25kzrwmsvmv6jpni5n-coreutils-9.9",
              "default": true
            },
            {
              "name": "info",
              "path": "/nix/store/6bf622yq75zzhq5mdn187sk70sxs6fkh-coreutils-9.9-info"
            }
          ],
          "store_path": "/nix/store/hf6y9njhfwvigr25kzrwmsvmv6jpni5n-coreutils-9.9"
        },
        "aarch64-linux": {
          "outputs": [
            {
              "name": "out",
              "path": "/nix/store/5pwllqskykz2by85b87kp1a8af587vcn-coreutils-9.9",
              "default": true
            },
            {
              "name": "debug",
              "path": "/nix/store/q3bqmaf9gi315ghy600wsyamzmnahkhk-coreutils-9.9-debug"
            },
            {
              "name": "info",
              "path": "/nix/store/fxvw68h1qhpydph2l8j9p4hhs48va1fc-coreutils-9.9-info"
            }
          ],
          "store_path": "/nix/store/5pwllqskykz2by85b87kp1a8af587vcn-coreutils-9.9"
        },
        "x86_64-darwin": {
          "outputs": [
            {
              "name": "out",
              "path": "/nix/store/qgdq763j9ddmj7aq45x3s5108qvq4z7q-coreutils-9.9",
              "default": true
            },
            {
              "name": "info",
              "path": "/nix/store/fvsrfwspi4w7kkn2wvmhjv0f9jrzwqja-coreutils-9.9-info"
            }
          ],
          "store_path": "/nix/store/qgdq763j9ddmj7aq45x3s5108qvq4z7q-coreutils-9.9"
        },
        "x86_64-linux": {
          "outputs": [
            {
              "name": "out",
              "path": "/nix/store/i2vmgx46q9hd3z6rigaiman3wl3i2gc4-coreutils-9.9",
              "default": true
            },
            {
              "name": "info",
              "path": "/nix/store/7c3i7919ys6jk8qkccspz3bkc1lv82d9-coreutils-9.9-info"
            },
            {
              "name": "debug",
              "path": "/nix/store/fzcbb02abzvmyrvpa360abfbspnz9l1j-coreutils-9.9-debug"
            }
          ],
          "store_path": "/nix/store/i2vmgx46q9hd3z6rigaiman3wl3i2gc4-coreutils-9.9"
        }
      }
    },
    "gawk@latest": {
      "last_modified": "2026-01-23T17:20:52Z",
      "resolved": "github:NixOS/nixpkgs/a1bab9e494f5f4939442a57a58d0449a109593fe#gawk",
      "source": "devbox-search",
      "version": "5.3.2",
      "systems": {
        "aarch64-darwin": {
          "outputs": [
            {
              "name": "out",
              "path": "/nix/store/78jn4adsl7zf2padciq7bfq15qykn5wf-gawk-5.3.2",
              "default": true
            },
            {
              "name": "man",
              "path": "/nix/store/1gj15nimzw33ik7l2cqs2ry52yxgiq2h-gawk-5.3.2-man",
              "default": true
            },
            {
              "name": "info",
              "path": "/nix/store/0a3x2fkdzkbkkqz4myjsr6r19n3mgiz4-gawk-5.3.2-info"
            }
          ],
          "store_path": "/nix/store/78jn4adsl7zf2padciq7bfq15qykn5wf-gawk-5.3.2"
        },
        "aarch64-linux": {
          "outputs": [
            {
              "name": "out",
              "path": "/nix/store/p1ff2bvyyb0vzskfkls91nvpf8g7zwcc-gawk-5.3.2",
              "default": true
            },
            {
              "name": "man",
              "path": "/nix/store/9aqrvrdpz4viqmdw1fy6f8855ixhvfaq-gawk-5.3.2-man",
              "default": true
            },
            {
              "name": "info",
              "path": "/nix/store/sxpvs7nxblvg5fis84w67rz80ygvrcgw-gawk-5.3.2-info"
            }
          ],
          "store_path": "/nix/store/p1ff2bvyyb0vzskfkls91nvpf8g7zwcc-gawk-5.3.2"
        },
        "x86_64-darwin": {
          "outputs": [
            {
              "name": "out",
              "path": "/nix/store/mknqzwppq332dqs43fgcgmgar24dgayq-gawk-5.3.2",
              "default": true
            },
            {
              "name": "man",
              "path": "/nix/store/45llzyqcsqrx45rjz1dghs891s3xbny6-gawk-5.3.2-man",
              "default": true
            },
            {
              "name": "info",
              "path": "/nix/store/nhjsr3i830m044qglqalkbkqh9g7bwaq-gawk-5.3.2-info"
            }
          ],
          "store_path": "/nix/store/mknqzwppq332dqs43fgcgmgar24dgayq-gawk-5.3.2"
        },
        "x86_64-linux": {
          "outputs": [
            {
              "name": "out",
              "path": "/nix/store/2xq9rayckw8zq26k274xxlikn77jn60j-gawk-5.3.2",
              "default": true
            },
            {
              "name": "man",
              "path": "/nix/store/44gbnv9kk7cy5grvpwnjjapq3fxgsh4y-gawk-5.3.2-man",
              "default": true
            },
            {
              "name": "info",
              "path": "/nix/store/miv2z2631wsjpp2vhism5bc4ipch490r-gawk-5.3.2-info"
            }
          ],
          "store_path": "/nix/store/2xq9rayckw8zq26k274xxlikn77jn60j-gawk-5.3.2"
        }
      }
    },
    "git@latest": {
      "last_modified": "2026-01-23T17:20:52Z",
      "resolved": "github:NixOS/nixpkgs/a1bab9e494f5f4939442a57a58d0449a109593fe#git",
      "source": "devbox-search",
      "version": "2.52.0",
      "systems": {
        "aarch64-darwin": {
          "outputs": [
            {
              "name": "out",
              "path": "/nix/store/vnhprisb777byfjpp5mdd0mxwkpvhbc0-git-2.52.0",
              "default": true
            },
            {
              "name": "doc",
              "path": "/nix/store/p0dx3053175fpr3kjf0fqgs9x6gm3dri-git-2.52.0-doc"
            }
          ],
          "store_path": "/nix/store/vnhprisb777byfjpp5mdd0mxwkpvhbc0-git-2.52.0"
        },
        "aarch64-linux": {
          "outputs": [
            {
              "name": "out",
              "path": "/nix/store/sd4bjblxfljbm13mpl50x8g336gw2dri-git-2.52.0",
              "default": true
            },
            {
              "name": "debug",
              "path": "/nix/store/cx033x4nmr12d9dcn8hxjfrajc3983f0-git-2.52.0-debug"
            },
            {
              "name": "doc",
              "path": "/nix/store/ylsmgdrnp78p8hn7n9lxpada78dka41v-git-2.52.0-doc"
            }
          ],
          "store_path": "/nix/store/sd4bjblxfljbm13mpl50x8g336gw2dri-git-2.52.0"
        },
        "x86_64-darwin": {
          "outputs": [
            {
              "name": "out",
              "path": "/nix/store/sr42bfqa0pc2ysba678mrm49g78jdynp-git-2.52.0",
              "default": true
            },
            {
              "name": "doc",
              "path": "/nix/store/fky0ci2bhwgyh9klg5682pmqswqg7wk4-git-2.52.0-doc"
            }
          ],
          "store_path": "/nix/store/sr42bfqa0pc2ysba678mrm49g78jdynp-git-2.52.0"
        },
        "x86_64-linux": {
          "outputs": [
            {
              "name": "out",
              "path": "/nix/store/ipwndaag56mm8g8gn8j98z0jvn8x4mk1-git-2.52.0",
              "default": true
            },
            {
              "name": "debug",
              "path": "/nix/store/zd8di23fmzjwrhb5ij1bjnlfqkx9j7d6-git-2.52.0-debug"
            },
            {
              "name": "doc",
              "path": "/nix/store/d8kc4kqzcrbcj92msxrpdsdjglh2q5gp-git-2.52.0-doc"
            }
          ],
          "store_path": "/nix/store/ipwndaag56mm8g8gn8j98z0jvn8x4mk1-git-2.52.0"
        }
      }
    },
    "github:NixOS/nixpkgs/nixpkgs-unstable": {
      "last_modified": "2026-01-27T15:18:14Z",
      "resolved": "github:NixOS/nixpkgs/afce96367b2e37fc29afb5543573cd49db3357b7?lastModified=1769527094"
    },
    "gnugrep@latest": {
      "last_modified": "2026-01-23T17:20:52Z",
      "resolved": "github:NixOS/nixpkgs/a1bab9e494f5f4939442a57a58d0449a109593fe#gnugrep",
      "source": "devbox-search",
      "version": "3.12",
      "systems": {
        "aarch64-darwin": {
          "outputs": [
            {
              "name": "out",
              "path": "/nix/store/vh7z511kn1g6c4j4rrj2fgxnjsbny5mw-gnugrep-3.12",
              "default": true
            },
            {
              "name": "info",
              "path": "/nix/store/i484zygrqw554k0ddswv6k7lkn7i3za1-gnugrep-3.12-info"
            }
          ],
          "store_path": "/nix/store/vh7z511kn1g6c4j4rrj2fgxnjsbny5mw-gnugrep-3.12"
        },
        "aarch64-linux": {
          "outputs": [
            {
              "name": "out",
              "path": "/nix/store/r21ffchrdgccar73w3skkah0aj15mj2b-gnugrep-3.12",
              "default": true
            },
            {
              "name": "info",
              "path": "/nix/store/2lj0xvg84lzn5bvap89grjzvrgx43kz9-gnugrep-3.12-info"
            }
          ],
          "store_path": "/nix/store/r21ffchrdgccar73w3skkah0aj15mj2b-gnugrep-3.12"
        },
        "x86_64-darwin": {
          "outputs": [
            {
              "name": "out",
              "path": "/nix/store/jblpqghdm8kbsk6lm2szsfz6qqy3ldfd-gnugrep-3.12",
              "default": true
            },
            {
              "name": "info",
              "path": "/nix/store/zvgc176fjzpnyhlp6y0f7pd1jl6zvv91-gnugrep-3.12-info"
            }
          ],
          "store_path": "/nix/store/jblpqghdm8kbsk6lm2szsfz6qqy3ldfd-gnugrep-3.12"
        },
        "x86_64-linux": {
          "outputs": [
            {
              "name": "out",
              "path": "/nix/store/02vv0r262agf9j5n2y1gmbjvdf12zkl0-gnugrep-3.12",
              "default": true
            },
            {
              "name": "info",
              "path": "/nix/store/cgk1j37lw5vw7lxdlzhdhji3fii5b5id-gnugrep-3.12-info"
            }
          ],
          "store_path": "/nix/store/02vv0r262agf9j5n2y1gmbjvdf12zkl0-gnugrep-3.12"
        }
      }
    },
    "gnused@latest": {
      "last_modified": "2026-01-23T17:20:52Z",
      "resolved": "github:NixOS/nixpkgs/a1bab9e494f5f4939442a57a58d0449a109593fe#gnused",
      "source": "devbox-search",
      "version": "4.9",
      "systems": {
        "aarch64-darwin": {
          "outputs": [
            {
              "name": "out",
              "path": "/nix/store/bdhywjmavg1hw3515cxsh8vxx8p42ixw-gnused-4.9",
              "default": true
            },
            {
              "name": "info",
              "path": "/nix/store/2q7ry9sap952dh21xda36g2gx44m9jvl-gnused-4.9-info"
            }
          ],
          "store_path": "/nix/store/bdhywjmavg1hw3515cxsh8vxx8p42ixw-gnused-4.9"
        },
        "aarch64-linux": {
          "outputs": [
            {
              "name": "out",
              "path": "/nix/store/wl7cvwbv3p0ag201jry906ydpij3a9ij-gnused-4.9",
              "default": true
            },
            {
              "name": "info",
              "path": "/nix/store/srvxijm4zzcqp6krhxk8qhfcr52mh39a-gnused-4.9-info"
            }
          ],
          "store_path": "/nix/store/wl7cvwbv3p0ag201jry906ydpij3a9ij-gnused-4.9"
        },
        "x86_64-darwin": {
          "outputs": [
            {
              "name": "out",
              "path": "/nix/store/b882ldrvxjjkc130pqy53948y09hci8m-gnused-4.9",
              "default": true
            },
            {
              "name": "info",
              "path": "/nix/store/12wwcnqr14xnbjs9mf6l5igpqc167y61-gnused-4.9-info"
            }
          ],
          "store_path": "/nix/store/b882ldrvxjjkc130pqy53948y09hci8m-gnused-4.9"
        },
        "x86_64-linux": {
          "outputs": [
            {
              "name": "out",
              "path": "/nix/store/ryz8kcrm2bxpccllfqlb7qldsfnqp5c2-gnused-4.9",
              "default": true
            },
            {
              "name": "info",
              "path": "/nix/store/rr44gnjkn0j0h67blxaf7c69w6y5xv03-gnused-4.9-info"
            }
          ],
          "store_path": "/nix/store/ryz8kcrm2bxpccllfqlb7qldsfnqp5c2-gnused-4.9"
        }
      }
    },
    "gradle@8.0.1": {
      "last_modified": "2023-07-24T21:56:31Z",
      "plugin_version": "0.0.1",
      "resolved": "github:NixOS/nixpkgs/dfcffbd74fd6f0419370d8240e445252a39f4d10#gradle",
      "source": "devbox-search",
      "version": "8.0.1",
      "systems": {
        "aarch64-darwin": {
          "outputs": [
            {
              "name": "out",
              "path": "/nix/store/lrh7pjhni25c21llri3v1ya6n3nylng4-gradle-8.0.1",
              "default": true
            }
          ],
          "store_path": "/nix/store/lrh7pjhni25c21llri3v1ya6n3nylng4-gradle-8.0.1"
        },
        "aarch64-linux": {
          "outputs": [
            {
              "name": "out",
              "path": "/nix/store/5h0z90r6r8c4s9x72ik0jp6sf782h4j0-gradle-8.0.1",
              "default": true
            }
          ],
          "store_path": "/nix/store/5h0z90r6r8c4s9x72ik0jp6sf782h4j0-gradle-8.0.1"
        },
        "x86_64-darwin": {
          "outputs": [
            {
              "name": "out",
              "path": "/nix/store/7k8494nxy4x2sh8d0rzpmmh6pmk1q1wf-gradle-8.0.1",
              "default": true
            }
          ],
          "store_path": "/nix/store/7k8494nxy4x2sh8d0rzpmmh6pmk1q1wf-gradle-8.0.1"
        },
        "x86_64-linux": {
          "outputs": [
            {
              "name": "out",
              "path": "/nix/store/83jn6p607rjb784jvypvx5r30pgq7kwa-gradle-8.0.1",
              "default": true
            }
          ],
          "store_path": "/nix/store/83jn6p607rjb784jvypvx5r30pgq7kwa-gradle-8.0.1"
        }
      }
    },
    "jdk17@latest": {
      "last_modified": "2025-10-22T20:59:19Z",
      "resolved": "github:NixOS/nixpkgs/01b6809f7f9d1183a2b3e081f0a1e6f8f415cb09#jdk17",
      "source": "devbox-search",
      "version": "17.0.12",
      "systems": {
        "aarch64-darwin": {
          "outputs": [
            {
              "name": "out",
              "path": "/nix/store/hlm8a8cnp4hm8xkg0a2yy4kv7cq44jii-zulu-ca-jdk-17.0.12",
              "default": true
            }
          ],
          "store_path": "/nix/store/hlm8a8cnp4hm8xkg0a2yy4kv7cq44jii-zulu-ca-jdk-17.0.12"
        },
        "x86_64-darwin": {
          "outputs": [
            {
              "name": "out",
              "path": "/nix/store/i4zgq9685y6284hbf5a7ac9ysb88dvlz-zulu-ca-jdk-17.0.12",
              "default": true
            }
          ],
          "store_path": "/nix/store/i4zgq9685y6284hbf5a7ac9ysb88dvlz-zulu-ca-jdk-17.0.12"
        }
      }
    },
    "jq@latest": {
      "last_modified": "2026-01-26T13:12:53Z",
      "resolved": "github:NixOS/nixpkgs/13b0f9e6ac78abbbb736c635d87845c4f4bee51b#jq",
      "source": "devbox-search",
      "version": "1.8.1",
      "systems": {
        "aarch64-darwin": {
          "outputs": [
            {
              "name": "bin",
              "path": "/nix/store/qjs0qndyz1g97rsc1zp4cd692y5iph64-jq-1.8.1-bin",
              "default": true
            },
            {
              "name": "man",
              "path": "/nix/store/jlpyybc7pdh4gk17dc266d6a1szm7dk6-jq-1.8.1-man",
              "default": true
            },
            {
              "name": "dev",
              "path": "/nix/store/bhryp10d5w5h9rsav5k9m9jb55z26bsl-jq-1.8.1-dev"
            },
            {
              "name": "doc",
              "path": "/nix/store/238sn0gg3i3i9v6kgx4g1k6b19frzy49-jq-1.8.1-doc"
            },
            {
              "name": "out",
              "path": "/nix/store/n64h0247s3674kry90l6kszx06zyrgfn-jq-1.8.1"
            }
          ],
          "store_path": "/nix/store/qjs0qndyz1g97rsc1zp4cd692y5iph64-jq-1.8.1-bin"
        },
        "aarch64-linux": {
          "outputs": [
            {
              "name": "bin",
              "path": "/nix/store/c1qm5fsn6qbl09xdjx649vifabypyywd-jq-1.8.1-bin",
              "default": true
            },
            {
              "name": "man",
              "path": "/nix/store/2pjwv0ab8nilrg1lvjazf9y9w6g6pk5y-jq-1.8.1-man",
              "default": true
            },
            {
              "name": "dev",
              "path": "/nix/store/2sy4y09ddbi64pbg4is078110z70jsdw-jq-1.8.1-dev"
            },
            {
              "name": "doc",
              "path": "/nix/store/vx81xggapqwdd2l64mmxrkbafih461jc-jq-1.8.1-doc"
            },
            {
              "name": "out",
              "path": "/nix/store/cfhajjz1k7gf31krbj18q9acb54xp5z9-jq-1.8.1"
            }
          ],
          "store_path": "/nix/store/c1qm5fsn6qbl09xdjx649vifabypyywd-jq-1.8.1-bin"
        },
        "x86_64-darwin": {
          "outputs": [
            {
              "name": "bin",
              "path": "/nix/store/51343hgchh7by4l8r1g244ma05ny3x0b-jq-1.8.1-bin",
              "default": true
            },
            {
              "name": "man",
              "path": "/nix/store/vx840ik1sj1h8fhqwa40aglvrgpa0r18-jq-1.8.1-man",
              "default": true
            },
            {
              "name": "out",
              "path": "/nix/store/bmg2xfw86wavg7fm062nyf6v48xzxh0j-jq-1.8.1"
            },
            {
              "name": "dev",
              "path": "/nix/store/pp2hrljvalrrwyxh7is69nnlmxb2m7lk-jq-1.8.1-dev"
            },
            {
              "name": "doc",
              "path": "/nix/store/h05xaf7fsasgp8cpyar2195cc8lbgih8-jq-1.8.1-doc"
            }
          ],
          "store_path": "/nix/store/51343hgchh7by4l8r1g244ma05ny3x0b-jq-1.8.1-bin"
        },
        "x86_64-linux": {
          "outputs": [
            {
              "name": "bin",
              "path": "/nix/store/qnaw7i777j52fpgbl5pgmzkq85znp083-jq-1.8.1-bin",
              "default": true
            },
            {
              "name": "man",
              "path": "/nix/store/6mh88qsh57ivh31c5nqxc43n0hv9xhbk-jq-1.8.1-man",
              "default": true
            },
            {
              "name": "dev",
              "path": "/nix/store/d73i1fvhrqms0sbfrvqaynsr8iva216v-jq-1.8.1-dev"
            },
            {
              "name": "doc",
              "path": "/nix/store/3ynrp4ypwv1g1jgsk638443p8lpd9g8f-jq-1.8.1-doc"
            },
            {
              "name": "out",
              "path": "/nix/store/fgsvqffyvcpjqs093wwf2d6dzxnmnqnv-jq-1.8.1"
            }
          ],
          "store_path": "/nix/store/qnaw7i777j52fpgbl5pgmzkq85znp083-jq-1.8.1-bin"
        }
      }
    },
    "netcat@latest": {
      "last_modified": "2026-01-24T15:20:28Z",
      "resolved": "github:NixOS/nixpkgs/ab9fbbcf4858bd6d40ba2bbec37ceb4ab6e1f562#netcat",
      "source": "devbox-search",
      "version": "4.2.1",
      "systems": {
        "aarch64-darwin": {
          "outputs": [
            {
              "name": "nc",
              "path": "/nix/store/gvknval1kw4gcwiihh61zck3qiz6qa5c-libressl-4.2.1-nc",
              "default": true
            },
            {
              "name": "bin",
              "path": "/nix/store/27px9spniwk94lzkh3vbs0sxsbszlb55-libressl-4.2.1-bin",
              "default": true
            },
            {
              "name": "man",
              "path": "/nix/store/65l6sf3drz0j5zrjllwbf86lbpnh3206-libressl-4.2.1-man",
              "default": true
            },
            {
              "name": "dev",
              "path": "/nix/store/9l41sz77w2am5svwv9bzkj3r77l7faa4-libressl-4.2.1-dev"
            },
            {
              "name": "out",
              "path": "/nix/store/209fqqlykqgvbmhqkxns8hxf661kvggr-libressl-4.2.1"
            }
          ],
          "store_path": "/nix/store/gvknval1kw4gcwiihh61zck3qiz6qa5c-libressl-4.2.1-nc"
        },
        "aarch64-linux": {
          "outputs": [
            {
              "name": "nc",
              "path": "/nix/store/5i8jpl10mgy8yy14ab3wcw96dknhcd52-libressl-4.2.1-nc",
              "default": true
            },
            {
              "name": "bin",
              "path": "/nix/store/xzmdycii4k6rxcb3pf6b7c6r0m8q6giq-libressl-4.2.1-bin",
              "default": true
            },
            {
              "name": "man",
              "path": "/nix/store/nmngfbi6bxxcif5x450fqkixjrf9ajjz-libressl-4.2.1-man",
              "default": true
            },
            {
              "name": "out",
              "path": "/nix/store/dmingcfvh3bqh1lz9f0b4wz0lyqg22p6-libressl-4.2.1"
            },
            {
              "name": "dev",
              "path": "/nix/store/8jdkrf3bpb3v4pv6knnkfz9yny3pmsyp-libressl-4.2.1-dev"
            }
          ],
          "store_path": "/nix/store/5i8jpl10mgy8yy14ab3wcw96dknhcd52-libressl-4.2.1-nc"
        },
        "x86_64-darwin": {
          "outputs": [
            {
              "name": "nc",
              "path": "/nix/store/73gpj7z4j7xqvjbbsv3c9pnh37pxaysp-libressl-4.2.1-nc",
              "default": true
            },
            {
              "name": "bin",
              "path": "/nix/store/c41c038h81hma6y17xzm4ih70ayz0jw1-libressl-4.2.1-bin",
              "default": true
            },
            {
              "name": "man",
              "path": "/nix/store/dv4bd93ia2sd2ppydggh7s5jvng7w2ln-libressl-4.2.1-man",
              "default": true
            },
            {
              "name": "dev",
              "path": "/nix/store/a98pxfnpxmk8hdfxcfyhvd4lrj91s7zj-libressl-4.2.1-dev"
            },
            {
              "name": "out",
              "path": "/nix/store/klv7jfk255vbrs29znh3r88zb7fy7ywn-libressl-4.2.1"
            }
          ],
          "store_path": "/nix/store/73gpj7z4j7xqvjbbsv3c9pnh37pxaysp-libressl-4.2.1-nc"
        },
        "x86_64-linux": {
          "outputs": [
            {
              "name": "nc",
              "path": "/nix/store/n17al8mklxgzp888406yyfi2wqf49bam-libressl-4.2.1-nc",
              "default": true
            },
            {
              "name": "bin",
              "path": "/nix/store/jhg0gcahxc6yqc156fc1hkqi0ps6f705-libressl-4.2.1-bin",
              "default": true
            },
            {
              "name": "man",
              "path": "/nix/store/a4slaj05ph1m0vdb9vsw16mc24za8n4d-libressl-4.2.1-man",
              "default": true
            },
            {
              "name": "dev",
              "path": "/nix/store/la1ilprnsj96dlaara2nk45lcd29f0as-libressl-4.2.1-dev"
            },
            {
              "name": "out",
              "path": "/nix/store/x03afgp2cbxb6xmxs3i716wfq7zbgfdn-libressl-4.2.1"
            }
          ],
          "store_path": "/nix/store/n17al8mklxgzp888406yyfi2wqf49bam-libressl-4.2.1-nc"
        }
      }
    },
    "nixfmt@latest": {
      "last_modified": "2026-01-23T17:20:52Z",
      "resolved": "github:NixOS/nixpkgs/a1bab9e494f5f4939442a57a58d0449a109593fe#nixfmt",
      "source": "devbox-search",
      "version": "1.2.0",
      "systems": {
        "aarch64-darwin": {
          "outputs": [
            {
              "name": "out",
              "path": "/nix/store/lvb2z93xn3m0m2hw0w6cc0c3bsl2s8pp-nixfmt-1.2.0",
              "default": true
            }
          ],
          "store_path": "/nix/store/lvb2z93xn3m0m2hw0w6cc0c3bsl2s8pp-nixfmt-1.2.0"
        },
        "aarch64-linux": {
          "outputs": [
            {
              "name": "out",
              "path": "/nix/store/0qdx7ah7b1dwyxa03fblhcdjnpi29q25-nixfmt-1.2.0",
              "default": true
            }
          ],
          "store_path": "/nix/store/0qdx7ah7b1dwyxa03fblhcdjnpi29q25-nixfmt-1.2.0"
        },
        "x86_64-darwin": {
          "outputs": [
            {
              "name": "out",
              "path": "/nix/store/jicz2kx49mqif3hkl1m2wbwvx2lg457l-nixfmt-1.2.0",
              "default": true
            }
          ],
          "store_path": "/nix/store/jicz2kx49mqif3hkl1m2wbwvx2lg457l-nixfmt-1.2.0"
        },
        "x86_64-linux": {
          "outputs": [
            {
              "name": "out",
              "path": "/nix/store/b5m1h822ln0s493r30sgns77618ws59n-nixfmt-1.2.0",
              "default": true
            }
          ],
          "store_path": "/nix/store/b5m1h822ln0s493r30sgns77618ws59n-nixfmt-1.2.0"
        }
      }
    },
    "nodejs@latest": {
      "last_modified": "2026-01-26T13:12:53Z",
      "plugin_version": "0.0.2",
      "resolved": "github:NixOS/nixpkgs/13b0f9e6ac78abbbb736c635d87845c4f4bee51b#nodejs_25",
      "source": "devbox-search",
      "version": "25.4.0",
      "systems": {
        "aarch64-darwin": {
          "outputs": [
            {
              "name": "out",
              "path": "/nix/store/m5qq262d56ar77iggvla6d5swn8yw9y6-nodejs-25.4.0",
              "default": true
            },
            {
              "name": "libv8",
              "path": "/nix/store/3pkkak278knyi93bpv7f67r8ymaa75kl-nodejs-25.4.0-libv8"
            },
            {
              "name": "dev",
              "path": "/nix/store/v63af7yli7i3caybdgv16fxgl2y5iz3k-nodejs-25.4.0-dev"
            }
          ],
          "store_path": "/nix/store/m5qq262d56ar77iggvla6d5swn8yw9y6-nodejs-25.4.0"
        },
        "aarch64-linux": {
          "outputs": [
            {
              "name": "out",
              "path": "/nix/store/16jjxswcd6kr8391f7pa2vg0vhvwd74g-nodejs-25.4.0",
              "default": true
            },
            {
              "name": "dev",
              "path": "/nix/store/nqxds9wybn5npisxpbhsyhbxmbhpayws-nodejs-25.4.0-dev"
            },
            {
              "name": "libv8",
              "path": "/nix/store/rbdpra61acpg4aqs28wl1i4pvxybifsk-nodejs-25.4.0-libv8"
            }
          ],
          "store_path": "/nix/store/16jjxswcd6kr8391f7pa2vg0vhvwd74g-nodejs-25.4.0"
        },
        "x86_64-darwin": {
          "outputs": [
            {
              "name": "out",
              "path": "/nix/store/pig8ld1dg0pk15w38h1dy60j0fd909qm-nodejs-25.4.0",
              "default": true
            },
            {
              "name": "dev",
              "path": "/nix/store/hqc95i644v03m54kra36jk1i962n1cyv-nodejs-25.4.0-dev"
            },
            {
              "name": "libv8",
              "path": "/nix/store/qi6pchsq09am76hy7wb0sb15575gzmra-nodejs-25.4.0-libv8"
            }
          ],
          "store_path": "/nix/store/pig8ld1dg0pk15w38h1dy60j0fd909qm-nodejs-25.4.0"
        },
        "x86_64-linux": {
          "outputs": [
            {
              "name": "out",
              "path": "/nix/store/pgcjcir9hkx39zfiya8hmrm7wxzb3sn5-nodejs-25.4.0",
              "default": true
            },
            {
              "name": "libv8",
              "path": "/nix/store/xc40d8b44b12ibi7ihczllczdymdvi7w-nodejs-25.4.0-libv8"
            },
            {
              "name": "dev",
              "path": "/nix/store/s431j6qb3xhh1ws5hrc2c0lzjq0lh1k5-nodejs-25.4.0-dev"
            }
          ],
          "store_path": "/nix/store/pgcjcir9hkx39zfiya8hmrm7wxzb3sn5-nodejs-25.4.0"
        }
      }
    },
    "shfmt@latest": {
      "last_modified": "2026-01-23T17:20:52Z",
      "resolved": "github:NixOS/nixpkgs/a1bab9e494f5f4939442a57a58d0449a109593fe#shfmt",
      "source": "devbox-search",
      "version": "3.12.0",
      "systems": {
        "aarch64-darwin": {
          "outputs": [
            {
              "name": "out",
              "path": "/nix/store/5ywb1qkbd829kazxxkcfxb356m7hljjw-shfmt-3.12.0",
              "default": true
            }
          ],
          "store_path": "/nix/store/5ywb1qkbd829kazxxkcfxb356m7hljjw-shfmt-3.12.0"
        },
        "aarch64-linux": {
          "outputs": [
            {
              "name": "out",
              "path": "/nix/store/bii41pz9k7xf3z3f80s1ip29l42488ry-shfmt-3.12.0",
              "default": true
            }
          ],
          "store_path": "/nix/store/bii41pz9k7xf3z3f80s1ip29l42488ry-shfmt-3.12.0"
        },
        "x86_64-darwin": {
          "outputs": [
            {
              "name": "out",
              "path": "/nix/store/a8l3l8rdzs3agq7garh59m0xn8h3zgpq-shfmt-3.12.0",
              "default": true
            }
          ],
          "store_path": "/nix/store/a8l3l8rdzs3agq7garh59m0xn8h3zgpq-shfmt-3.12.0"
        },
        "x86_64-linux": {
          "outputs": [
            {
              "name": "out",
              "path": "/nix/store/r3pj36ll7v3ss2z679arpwkg7pnka3s3-shfmt-3.12.0",
              "default": true
            }
          ],
          "store_path": "/nix/store/r3pj36ll7v3ss2z679arpwkg7pnka3s3-shfmt-3.12.0"
        }
      }
    },
    "treefmt@latest": {
      "last_modified": "2026-01-23T17:20:52Z",
      "resolved": "github:NixOS/nixpkgs/a1bab9e494f5f4939442a57a58d0449a109593fe#treefmt",
      "source": "devbox-search",
      "version": "2.4.0",
      "systems": {
        "aarch64-darwin": {
          "outputs": [
            {
              "name": "out",
              "path": "/nix/store/37qcrdrfdf8b9pyli0j0vj9d69dykmpr-treefmt-2.4.0",
              "default": true
            }
          ],
          "store_path": "/nix/store/37qcrdrfdf8b9pyli0j0vj9d69dykmpr-treefmt-2.4.0"
        },
        "aarch64-linux": {
          "outputs": [
            {
              "name": "out",
              "path": "/nix/store/ccv7dxwff3xpivsdhrjbq3mpk0br5v7d-treefmt-2.4.0",
              "default": true
            }
          ],
          "store_path": "/nix/store/ccv7dxwff3xpivsdhrjbq3mpk0br5v7d-treefmt-2.4.0"
        },
        "x86_64-darwin": {
          "outputs": [
            {
              "name": "out",
              "path": "/nix/store/sbq2psv4q9hvfvalk00g0pkqjl2912m1-treefmt-2.4.0",
              "default": true
            }
          ],
          "store_path": "/nix/store/sbq2psv4q9hvfvalk00g0pkqjl2912m1-treefmt-2.4.0"
        },
        "x86_64-linux": {
          "outputs": [
            {
              "name": "out",
              "path": "/nix/store/z8xrjfswqqpydc42lyas064pp8kxgnl0-treefmt-2.4.0",
              "default": true
            }
          ],
          "store_path": "/nix/store/z8xrjfswqqpydc42lyas064pp8kxgnl0-treefmt-2.4.0"
        }
      }
    },
    "yarn-berry@latest": {
      "last_modified": "2026-01-23T17:20:52Z",
      "resolved": "github:NixOS/nixpkgs/a1bab9e494f5f4939442a57a58d0449a109593fe#yarn-berry",
      "source": "devbox-search",
      "version": "4.12.0",
      "systems": {
        "aarch64-darwin": {
          "outputs": [
            {
              "name": "out",
              "path": "/nix/store/k9bh72bpyqjnfq1nd3c6p1z2ijkx2yg6-yarn-berry-4.12.0",
              "default": true
            }
          ],
          "store_path": "/nix/store/k9bh72bpyqjnfq1nd3c6p1z2ijkx2yg6-yarn-berry-4.12.0"
        },
        "aarch64-linux": {
          "outputs": [
            {
              "name": "out",
              "path": "/nix/store/mcvbqzb1kir87g5pm5624c5ysnfh89wp-yarn-berry-4.12.0",
              "default": true
            }
          ],
          "store_path": "/nix/store/mcvbqzb1kir87g5pm5624c5ysnfh89wp-yarn-berry-4.12.0"
        },
        "x86_64-darwin": {
          "outputs": [
            {
              "name": "out",
              "path": "/nix/store/hn3j954rlcc0gx8nm41sgfzbx0qwfq3c-yarn-berry-4.12.0",
              "default": true
            }
          ],
          "store_path": "/nix/store/hn3j954rlcc0gx8nm41sgfzbx0qwfq3c-yarn-berry-4.12.0"
        },
        "x86_64-linux": {
          "outputs": [
            {
              "name": "out",
              "path": "/nix/store/2pmvaaggpi7ikx9xmhy3x2j0rpklaqrv-yarn-berry-4.12.0",
              "default": true
            }
          ],
          "store_path": "/nix/store/2pmvaaggpi7ikx9xmhy3x2j0rpklaqrv-yarn-berry-4.12.0"
        }
      }
    }
  }
}
