{
  "devices": [
    {
      "name": "pixel_api33",
      "api": 33,
      "device": "pixel",
      "tag": "google_apis"
    },
    {
      "name": "pixel_api24",
      "api": 24,
      "device": "pixel",
      "tag": "google_apis"
    }
  ],
  "checksum": "e650c1b4b86d4f025704a217f215bbbed1fe0102291a5ec99a42342d44ccf72e"
}
